// !$*UTF8*$!
{
	archiveVersion = 1;
	classes = {
	};
	objectVersion = 46;
	objects = {

/* Begin PBXBuildFile section */
		BF8F8ABE15CFABCF005BC5A9 /* QuartzCore.framework in Frameworks */ = {isa = PBXBuildFile; fileRef = BF8F8ABD15CFABCF005BC5A9 /* QuartzCore.framework */; };
		BF8F8AC015CFABCF005BC5A9 /* OpenGLES.framework in Frameworks */ = {isa = PBXBuildFile; fileRef = BF8F8ABF15CFABCF005BC5A9 /* OpenGLES.framework */; };
		BF8F8AC215CFABCF005BC5A9 /* OpenAL.framework in Frameworks */ = {isa = PBXBuildFile; fileRef = BF8F8AC115CFABCF005BC5A9 /* OpenAL.framework */; };
		BF8F8AC415CFABCF005BC5A9 /* AudioToolbox.framework in Frameworks */ = {isa = PBXBuildFile; fileRef = BF8F8AC315CFABCF005BC5A9 /* AudioToolbox.framework */; };
		BF8F8AC615CFABCF005BC5A9 /* AVFoundation.framework in Frameworks */ = {isa = PBXBuildFile; fileRef = BF8F8AC515CFABCF005BC5A9 /* AVFoundation.framework */; };
		BF8F8AC815CFABCF005BC5A9 /* UIKit.framework in Frameworks */ = {isa = PBXBuildFile; fileRef = BF8F8AC715CFABCF005BC5A9 /* UIKit.framework */; };
		BF8F8ACA15CFABCF005BC5A9 /* Foundation.framework in Frameworks */ = {isa = PBXBuildFile; fileRef = BF8F8AC915CFABCF005BC5A9 /* Foundation.framework */; };
		BF8F8ACC15CFABCF005BC5A9 /* CoreGraphics.framework in Frameworks */ = {isa = PBXBuildFile; fileRef = BF8F8ACB15CFABCF005BC5A9 /* CoreGraphics.framework */; };
		BF8F8AD015CFABCF005BC5A9 /* Default.png in Resources */ = {isa = PBXBuildFile; fileRef = BF8F8ACF15CFABCF005BC5A9 /* Default.png */; };
		BF8F8AD215CFABCF005BC5A9 /* fps_images.png in Resources */ = {isa = PBXBuildFile; fileRef = BF8F8AD115CFABCF005BC5A9 /* fps_images.png */; };
		BF8F8AD415CFABCF005BC5A9 /* Icon-72.png in Resources */ = {isa = PBXBuildFile; fileRef = BF8F8AD315CFABCF005BC5A9 /* Icon-72.png */; };
		BF8F8AD615CFABCF005BC5A9 /* Icon-Small-50.png in Resources */ = {isa = PBXBuildFile; fileRef = BF8F8AD515CFABCF005BC5A9 /* Icon-Small-50.png */; };
		BF8F8AD815CFABCF005BC5A9 /* Icon-Small.png in Resources */ = {isa = PBXBuildFile; fileRef = BF8F8AD715CFABCF005BC5A9 /* Icon-Small.png */; };
		BF8F8ADA15CFABCF005BC5A9 /* Icon-Small@2x.png in Resources */ = {isa = PBXBuildFile; fileRef = BF8F8AD915CFABCF005BC5A9 /* Icon-Small@2x.png */; };
		BF8F8ADC15CFABCF005BC5A9 /* Icon.png in Resources */ = {isa = PBXBuildFile; fileRef = BF8F8ADB15CFABCF005BC5A9 /* Icon.png */; };
		BF8F8ADE15CFABCF005BC5A9 /* Icon@2x.png in Resources */ = {isa = PBXBuildFile; fileRef = BF8F8ADD15CFABCF005BC5A9 /* Icon@2x.png */; };
		BF8F8AE115CFABCF005BC5A9 /* iTunesArtwork in Resources */ = {isa = PBXBuildFile; fileRef = BF8F8AE015CFABCF005BC5A9 /* iTunesArtwork */; };
		BF8F8AE615CFABCF005BC5A9 /* CCAction.m in Sources */ = {isa = PBXBuildFile; fileRef = BF8F8AE515CFABCF005BC5A9 /* CCAction.m */; };
		BF8F8AE915CFABCF005BC5A9 /* CCActionCamera.m in Sources */ = {isa = PBXBuildFile; fileRef = BF8F8AE815CFABCF005BC5A9 /* CCActionCamera.m */; };
		BF8F8AEC15CFABCF005BC5A9 /* CCActionEase.m in Sources */ = {isa = PBXBuildFile; fileRef = BF8F8AEB15CFABCF005BC5A9 /* CCActionEase.m */; };
		BF8F8AEF15CFABCF005BC5A9 /* CCActionGrid.m in Sources */ = {isa = PBXBuildFile; fileRef = BF8F8AEE15CFABCF005BC5A9 /* CCActionGrid.m */; };
		BF8F8AF215CFABCF005BC5A9 /* CCActionGrid3D.m in Sources */ = {isa = PBXBuildFile; fileRef = BF8F8AF115CFABCF005BC5A9 /* CCActionGrid3D.m */; };
		BF8F8AF515CFABCF005BC5A9 /* CCActionInstant.m in Sources */ = {isa = PBXBuildFile; fileRef = BF8F8AF415CFABCF005BC5A9 /* CCActionInstant.m */; };
		BF8F8AF815CFABCF005BC5A9 /* CCActionInterval.m in Sources */ = {isa = PBXBuildFile; fileRef = BF8F8AF715CFABCF005BC5A9 /* CCActionInterval.m */; };
		BF8F8AFB15CFABCF005BC5A9 /* CCActionManager.m in Sources */ = {isa = PBXBuildFile; fileRef = BF8F8AFA15CFABCF005BC5A9 /* CCActionManager.m */; };
		BF8F8AFE15CFABCF005BC5A9 /* CCActionPageTurn3D.m in Sources */ = {isa = PBXBuildFile; fileRef = BF8F8AFD15CFABCF005BC5A9 /* CCActionPageTurn3D.m */; };
		BF8F8B0115CFABCF005BC5A9 /* CCActionProgressTimer.m in Sources */ = {isa = PBXBuildFile; fileRef = BF8F8B0015CFABCF005BC5A9 /* CCActionProgressTimer.m */; };
		BF8F8B0415CFABCF005BC5A9 /* CCActionTiledGrid.m in Sources */ = {isa = PBXBuildFile; fileRef = BF8F8B0315CFABCF005BC5A9 /* CCActionTiledGrid.m */; };
		BF8F8B0715CFABCF005BC5A9 /* CCActionTween.m in Sources */ = {isa = PBXBuildFile; fileRef = BF8F8B0615CFABCF005BC5A9 /* CCActionTween.m */; };
		BF8F8B0A15CFABCF005BC5A9 /* CCAnimation.m in Sources */ = {isa = PBXBuildFile; fileRef = BF8F8B0915CFABCF005BC5A9 /* CCAnimation.m */; };
		BF8F8B0D15CFABCF005BC5A9 /* CCAnimationCache.m in Sources */ = {isa = PBXBuildFile; fileRef = BF8F8B0C15CFABCF005BC5A9 /* CCAnimationCache.m */; };
		BF8F8B1015CFABCF005BC5A9 /* CCAtlasNode.m in Sources */ = {isa = PBXBuildFile; fileRef = BF8F8B0F15CFABCF005BC5A9 /* CCAtlasNode.m */; };
		BF8F8B1315CFABCF005BC5A9 /* CCBlockSupport.m in Sources */ = {isa = PBXBuildFile; fileRef = BF8F8B1215CFABCF005BC5A9 /* CCBlockSupport.m */; };
		BF8F8B1615CFABCF005BC5A9 /* CCCamera.m in Sources */ = {isa = PBXBuildFile; fileRef = BF8F8B1515CFABCF005BC5A9 /* CCCamera.m */; };
		BF8F8B1A15CFABCF005BC5A9 /* CCConfiguration.m in Sources */ = {isa = PBXBuildFile; fileRef = BF8F8B1915CFABCF005BC5A9 /* CCConfiguration.m */; };
		BF8F8B1D15CFABCF005BC5A9 /* CCDirector.m in Sources */ = {isa = PBXBuildFile; fileRef = BF8F8B1C15CFABCF005BC5A9 /* CCDirector.m */; };
		BF8F8B2015CFABCF005BC5A9 /* CCDrawingPrimitives.m in Sources */ = {isa = PBXBuildFile; fileRef = BF8F8B1F15CFABCF005BC5A9 /* CCDrawingPrimitives.m */; };
		BF8F8B2315CFABCF005BC5A9 /* CCGrabber.m in Sources */ = {isa = PBXBuildFile; fileRef = BF8F8B2215CFABCF005BC5A9 /* CCGrabber.m */; };
		BF8F8B2615CFABD0005BC5A9 /* CCGrid.m in Sources */ = {isa = PBXBuildFile; fileRef = BF8F8B2515CFABD0005BC5A9 /* CCGrid.m */; };
		BF8F8B2915CFABD0005BC5A9 /* CCLabelAtlas.m in Sources */ = {isa = PBXBuildFile; fileRef = BF8F8B2815CFABD0005BC5A9 /* CCLabelAtlas.m */; };
		BF8F8B2C15CFABD0005BC5A9 /* CCLabelBMFont.m in Sources */ = {isa = PBXBuildFile; fileRef = BF8F8B2B15CFABD0005BC5A9 /* CCLabelBMFont.m */; };
		BF8F8B2F15CFABD0005BC5A9 /* CCLabelTTF.m in Sources */ = {isa = PBXBuildFile; fileRef = BF8F8B2E15CFABD0005BC5A9 /* CCLabelTTF.m */; };
		BF8F8B3215CFABD0005BC5A9 /* CCLayer.m in Sources */ = {isa = PBXBuildFile; fileRef = BF8F8B3115CFABD0005BC5A9 /* CCLayer.m */; };
		BF8F8B3615CFABD0005BC5A9 /* CCMenu.m in Sources */ = {isa = PBXBuildFile; fileRef = BF8F8B3515CFABD0005BC5A9 /* CCMenu.m */; };
		BF8F8B3915CFABD0005BC5A9 /* CCMenuItem.m in Sources */ = {isa = PBXBuildFile; fileRef = BF8F8B3815CFABD0005BC5A9 /* CCMenuItem.m */; };
		BF8F8B3C15CFABD0005BC5A9 /* CCMotionStreak.m in Sources */ = {isa = PBXBuildFile; fileRef = BF8F8B3B15CFABD0005BC5A9 /* CCMotionStreak.m */; };
		BF8F8B3F15CFABD0005BC5A9 /* CCNode.m in Sources */ = {isa = PBXBuildFile; fileRef = BF8F8B3E15CFABD0005BC5A9 /* CCNode.m */; };
		BF8F8B4215CFABD0005BC5A9 /* CCParallaxNode.m in Sources */ = {isa = PBXBuildFile; fileRef = BF8F8B4115CFABD0005BC5A9 /* CCParallaxNode.m */; };
		BF8F8B4515CFABD0005BC5A9 /* CCParticleExamples.m in Sources */ = {isa = PBXBuildFile; fileRef = BF8F8B4415CFABD0005BC5A9 /* CCParticleExamples.m */; };
		BF8F8B4815CFABD0005BC5A9 /* CCParticleSystem.m in Sources */ = {isa = PBXBuildFile; fileRef = BF8F8B4715CFABD0005BC5A9 /* CCParticleSystem.m */; };
		BF8F8B4B15CFABD0005BC5A9 /* CCParticleSystemPoint.m in Sources */ = {isa = PBXBuildFile; fileRef = BF8F8B4A15CFABD0005BC5A9 /* CCParticleSystemPoint.m */; };
		BF8F8B4E15CFABD0005BC5A9 /* CCParticleSystemQuad.m in Sources */ = {isa = PBXBuildFile; fileRef = BF8F8B4D15CFABD0005BC5A9 /* CCParticleSystemQuad.m */; };
		BF8F8B5115CFABD0005BC5A9 /* CCProgressTimer.m in Sources */ = {isa = PBXBuildFile; fileRef = BF8F8B5015CFABD0005BC5A9 /* CCProgressTimer.m */; };
		BF8F8B5515CFABD0005BC5A9 /* CCRenderTexture.m in Sources */ = {isa = PBXBuildFile; fileRef = BF8F8B5415CFABD0005BC5A9 /* CCRenderTexture.m */; };
		BF8F8B5815CFABD0005BC5A9 /* CCRibbon.m in Sources */ = {isa = PBXBuildFile; fileRef = BF8F8B5715CFABD0005BC5A9 /* CCRibbon.m */; };
		BF8F8B5B15CFABD0005BC5A9 /* CCScene.m in Sources */ = {isa = PBXBuildFile; fileRef = BF8F8B5A15CFABD0005BC5A9 /* CCScene.m */; };
		BF8F8B5E15CFABD0005BC5A9 /* CCScheduler.m in Sources */ = {isa = PBXBuildFile; fileRef = BF8F8B5D15CFABD0005BC5A9 /* CCScheduler.m */; };
		BF8F8B6115CFABD0005BC5A9 /* CCSprite.m in Sources */ = {isa = PBXBuildFile; fileRef = BF8F8B6015CFABD0005BC5A9 /* CCSprite.m */; };
		BF8F8B6415CFABD0005BC5A9 /* CCSpriteBatchNode.m in Sources */ = {isa = PBXBuildFile; fileRef = BF8F8B6315CFABD0005BC5A9 /* CCSpriteBatchNode.m */; };
		BF8F8B6715CFABD0005BC5A9 /* CCSpriteFrame.m in Sources */ = {isa = PBXBuildFile; fileRef = BF8F8B6615CFABD0005BC5A9 /* CCSpriteFrame.m */; };
		BF8F8B6A15CFABD0005BC5A9 /* CCSpriteFrameCache.m in Sources */ = {isa = PBXBuildFile; fileRef = BF8F8B6915CFABD0005BC5A9 /* CCSpriteFrameCache.m */; };
		BF8F8B6D15CFABD0005BC5A9 /* CCTexture2D.m in Sources */ = {isa = PBXBuildFile; fileRef = BF8F8B6C15CFABD0005BC5A9 /* CCTexture2D.m */; };
		BF8F8B7015CFABD0005BC5A9 /* CCTextureAtlas.m in Sources */ = {isa = PBXBuildFile; fileRef = BF8F8B6F15CFABD0005BC5A9 /* CCTextureAtlas.m */; };
		BF8F8B7315CFABD0005BC5A9 /* CCTextureCache.m in Sources */ = {isa = PBXBuildFile; fileRef = BF8F8B7215CFABD0005BC5A9 /* CCTextureCache.m */; };
		BF8F8B7615CFABD0005BC5A9 /* CCTexturePVR.m in Sources */ = {isa = PBXBuildFile; fileRef = BF8F8B7515CFABD0005BC5A9 /* CCTexturePVR.m */; };
		BF8F8B7915CFABD0005BC5A9 /* CCTileMapAtlas.m in Sources */ = {isa = PBXBuildFile; fileRef = BF8F8B7815CFABD0005BC5A9 /* CCTileMapAtlas.m */; };
		BF8F8B7C15CFABD0005BC5A9 /* CCTMXLayer.m in Sources */ = {isa = PBXBuildFile; fileRef = BF8F8B7B15CFABD0005BC5A9 /* CCTMXLayer.m */; };
		BF8F8B7F15CFABD0005BC5A9 /* CCTMXObjectGroup.m in Sources */ = {isa = PBXBuildFile; fileRef = BF8F8B7E15CFABD0005BC5A9 /* CCTMXObjectGroup.m */; };
		BF8F8B8215CFABD0005BC5A9 /* CCTMXTiledMap.m in Sources */ = {isa = PBXBuildFile; fileRef = BF8F8B8115CFABD0005BC5A9 /* CCTMXTiledMap.m */; };
		BF8F8B8515CFABD0005BC5A9 /* CCTMXXMLParser.m in Sources */ = {isa = PBXBuildFile; fileRef = BF8F8B8415CFABD0005BC5A9 /* CCTMXXMLParser.m */; };
		BF8F8B8815CFABD0005BC5A9 /* CCTransition.m in Sources */ = {isa = PBXBuildFile; fileRef = BF8F8B8715CFABD0005BC5A9 /* CCTransition.m */; };
		BF8F8B8B15CFABD0005BC5A9 /* CCTransitionPageTurn.m in Sources */ = {isa = PBXBuildFile; fileRef = BF8F8B8A15CFABD0005BC5A9 /* CCTransitionPageTurn.m */; };
		BF8F8B8E15CFABD0005BC5A9 /* CCTransitionRadial.m in Sources */ = {isa = PBXBuildFile; fileRef = BF8F8B8D15CFABD0005BC5A9 /* CCTransitionRadial.m */; };
		BF8F8B9215CFABD0005BC5A9 /* cocos2d.m in Sources */ = {isa = PBXBuildFile; fileRef = BF8F8B9115CFABD0005BC5A9 /* cocos2d.m */; };
		BF8F8B9915CFABD0005BC5A9 /* CCDirectorIOS.m in Sources */ = {isa = PBXBuildFile; fileRef = BF8F8B9815CFABD0005BC5A9 /* CCDirectorIOS.m */; };
		BF8F8B9D15CFABD0005BC5A9 /* CCTouchDispatcher.m in Sources */ = {isa = PBXBuildFile; fileRef = BF8F8B9C15CFABD0005BC5A9 /* CCTouchDispatcher.m */; };
		BF8F8BA015CFABD0005BC5A9 /* CCTouchHandler.m in Sources */ = {isa = PBXBuildFile; fileRef = BF8F8B9F15CFABD0005BC5A9 /* CCTouchHandler.m */; };
		BF8F8BA315CFABD0005BC5A9 /* EAGLView.m in Sources */ = {isa = PBXBuildFile; fileRef = BF8F8BA215CFABD0005BC5A9 /* EAGLView.m */; };
		BF8F8BA615CFABD0005BC5A9 /* ES1Renderer.m in Sources */ = {isa = PBXBuildFile; fileRef = BF8F8BA515CFABD0005BC5A9 /* ES1Renderer.m */; };
		BF8F8BA915CFABD0005BC5A9 /* glu.c in Sources */ = {isa = PBXBuildFile; fileRef = BF8F8BA815CFABD0005BC5A9 /* glu.c */; };
		BF8F8BAE15CFABD0005BC5A9 /* CCDirectorMac.m in Sources */ = {isa = PBXBuildFile; fileRef = BF8F8BAD15CFABD0005BC5A9 /* CCDirectorMac.m */; };
		BF8F8BB115CFABD0005BC5A9 /* CCEventDispatcher.m in Sources */ = {isa = PBXBuildFile; fileRef = BF8F8BB015CFABD0005BC5A9 /* CCEventDispatcher.m */; };
		BF8F8BB415CFABD0005BC5A9 /* MacGLView.m in Sources */ = {isa = PBXBuildFile; fileRef = BF8F8BB315CFABD0005BC5A9 /* MacGLView.m */; };
		BF8F8BB715CFABD0005BC5A9 /* MacWindow.m in Sources */ = {isa = PBXBuildFile; fileRef = BF8F8BB615CFABD0005BC5A9 /* MacWindow.m */; };
		BF8F8BBA15CFABD0005BC5A9 /* base64.c in Sources */ = {isa = PBXBuildFile; fileRef = BF8F8BB915CFABD0005BC5A9 /* base64.c */; };
		BF8F8BBE15CFABD0005BC5A9 /* CCArray.m in Sources */ = {isa = PBXBuildFile; fileRef = BF8F8BBD15CFABD0005BC5A9 /* CCArray.m */; };
		BF8F8BC215CFABD0005BC5A9 /* CCFileUtils.m in Sources */ = {isa = PBXBuildFile; fileRef = BF8F8BC115CFABD0005BC5A9 /* CCFileUtils.m */; };
		BF8F8BC515CFABD0005BC5A9 /* CCProfiling.m in Sources */ = {isa = PBXBuildFile; fileRef = BF8F8BC415CFABD0005BC5A9 /* CCProfiling.m */; };
		BF8F8BC715CFABD0005BC5A9 /* ccUtils.c in Sources */ = {isa = PBXBuildFile; fileRef = BF8F8BC615CFABD0005BC5A9 /* ccUtils.c */; };
		BF8F8BCB15CFABD0005BC5A9 /* CGPointExtension.m in Sources */ = {isa = PBXBuildFile; fileRef = BF8F8BCA15CFABD0005BC5A9 /* CGPointExtension.m */; };
		BF8F8BCF15CFABD0005BC5A9 /* TGAlib.m in Sources */ = {isa = PBXBuildFile; fileRef = BF8F8BCE15CFABD0005BC5A9 /* TGAlib.m */; };
		BF8F8BD215CFABD0005BC5A9 /* TransformUtils.m in Sources */ = {isa = PBXBuildFile; fileRef = BF8F8BD115CFABD0005BC5A9 /* TransformUtils.m */; };
		BF8F8BD715CFABD0005BC5A9 /* ZipUtils.m in Sources */ = {isa = PBXBuildFile; fileRef = BF8F8BD615CFABD0005BC5A9 /* ZipUtils.m */; };
		BF8F8BDC15CFABD0005BC5A9 /* CDAudioManager.m in Sources */ = {isa = PBXBuildFile; fileRef = BF8F8BDB15CFABD0005BC5A9 /* CDAudioManager.m */; };
		BF8F8BE015CFABD0005BC5A9 /* CDOpenALSupport.m in Sources */ = {isa = PBXBuildFile; fileRef = BF8F8BDF15CFABD0005BC5A9 /* CDOpenALSupport.m */; };
		BF8F8BE315CFABD1005BC5A9 /* CocosDenshion.m in Sources */ = {isa = PBXBuildFile; fileRef = BF8F8BE215CFABD1005BC5A9 /* CocosDenshion.m */; };
		BF8F8BE615CFABD1005BC5A9 /* SimpleAudioEngine.m in Sources */ = {isa = PBXBuildFile; fileRef = BF8F8BE515CFABD1005BC5A9 /* SimpleAudioEngine.m */; };
		BF8F8BEB15CFABD1005BC5A9 /* CLScoreServerPost.m in Sources */ = {isa = PBXBuildFile; fileRef = BF8F8BEA15CFABD1005BC5A9 /* CLScoreServerPost.m */; };
		BF8F8BEE15CFABD1005BC5A9 /* CLScoreServerRequest.m in Sources */ = {isa = PBXBuildFile; fileRef = BF8F8BED15CFABD1005BC5A9 /* CLScoreServerRequest.m */; };
		BF8F8BF115CFABD1005BC5A9 /* cocoslive.m in Sources */ = {isa = PBXBuildFile; fileRef = BF8F8BF015CFABD1005BC5A9 /* cocoslive.m */; };
		BF8F8BF615CFABD1005BC5A9 /* CDataScanner.m in Sources */ = {isa = PBXBuildFile; fileRef = BF8F8BF515CFABD1005BC5A9 /* CDataScanner.m */; };
		BF8F8BFA15CFABD1005BC5A9 /* CDataScanner_Extensions.m in Sources */ = {isa = PBXBuildFile; fileRef = BF8F8BF915CFABD1005BC5A9 /* CDataScanner_Extensions.m */; };
		BF8F8BFD15CFABD1005BC5A9 /* NSDictionary_JSONExtensions.m in Sources */ = {isa = PBXBuildFile; fileRef = BF8F8BFC15CFABD1005BC5A9 /* NSDictionary_JSONExtensions.m */; };
		BF8F8C0115CFABD1005BC5A9 /* CJSONDeserializer.m in Sources */ = {isa = PBXBuildFile; fileRef = BF8F8C0015CFABD1005BC5A9 /* CJSONDeserializer.m */; };
		BF8F8C0415CFABD1005BC5A9 /* CJSONScanner.m in Sources */ = {isa = PBXBuildFile; fileRef = BF8F8C0315CFABD1005BC5A9 /* CJSONScanner.m */; };
		BF8F8C0715CFABD1005BC5A9 /* CJSONSerializer.m in Sources */ = {isa = PBXBuildFile; fileRef = BF8F8C0615CFABD1005BC5A9 /* CJSONSerializer.m */; };
		BF8F8C0C15CFABD1005BC5A9 /* FontLabel.m in Sources */ = {isa = PBXBuildFile; fileRef = BF8F8C0B15CFABD1005BC5A9 /* FontLabel.m */; };
		BF8F8C0F15CFABD1005BC5A9 /* FontLabelStringDrawing.m in Sources */ = {isa = PBXBuildFile; fileRef = BF8F8C0E15CFABD1005BC5A9 /* FontLabelStringDrawing.m */; };
		BF8F8C1215CFABD1005BC5A9 /* FontManager.m in Sources */ = {isa = PBXBuildFile; fileRef = BF8F8C1115CFABD1005BC5A9 /* FontManager.m */; };
		BF8F8C1515CFABD1005BC5A9 /* ZAttributedString.m in Sources */ = {isa = PBXBuildFile; fileRef = BF8F8C1415CFABD1005BC5A9 /* ZAttributedString.m */; };
		BF8F8C1915CFABD1005BC5A9 /* ZFont.m in Sources */ = {isa = PBXBuildFile; fileRef = BF8F8C1815CFABD1005BC5A9 /* ZFont.m */; };
		BF8F8C1E15CFABD1005BC5A9 /* main.m in Sources */ = {isa = PBXBuildFile; fileRef = BF8F8C1D15CFABD1005BC5A9 /* main.m */; };
		BF8F8C2115CFABD1005BC5A9 /* AppDelegate.m in Sources */ = {isa = PBXBuildFile; fileRef = BF8F8C2015CFABD1005BC5A9 /* AppDelegate.m */; };
		BF8F8C2415CFABD1005BC5A9 /* RootViewController.m in Sources */ = {isa = PBXBuildFile; fileRef = BF8F8C2315CFABD1005BC5A9 /* RootViewController.m */; };
		BF8F8C2715CFABD1005BC5A9 /* HelloWorldLayer.m in Sources */ = {isa = PBXBuildFile; fileRef = BF8F8C2615CFABD1005BC5A9 /* HelloWorldLayer.m */; };
/* End PBXBuildFile section */

/* Begin PBXFileReference section */
		BF8F8AB915CFABCF005BC5A9 /* KORGA.app */ = {isa = PBXFileReference; explicitFileType = wrapper.application; includeInIndex = 0; path = KORGA.app; sourceTree = BUILT_PRODUCTS_DIR; };
		BF8F8ABD15CFABCF005BC5A9 /* QuartzCore.framework */ = {isa = PBXFileReference; lastKnownFileType = wrapper.framework; name = QuartzCore.framework; path = System/Library/Frameworks/QuartzCore.framework; sourceTree = SDKROOT; };
		BF8F8ABF15CFABCF005BC5A9 /* OpenGLES.framework */ = {isa = PBXFileReference; lastKnownFileType = wrapper.framework; name = OpenGLES.framework; path = System/Library/Frameworks/OpenGLES.framework; sourceTree = SDKROOT; };
		BF8F8AC115CFABCF005BC5A9 /* OpenAL.framework */ = {isa = PBXFileReference; lastKnownFileType = wrapper.framework; name = OpenAL.framework; path = System/Library/Frameworks/OpenAL.framework; sourceTree = SDKROOT; };
		BF8F8AC315CFABCF005BC5A9 /* AudioToolbox.framework */ = {isa = PBXFileReference; lastKnownFileType = wrapper.framework; name = AudioToolbox.framework; path = System/Library/Frameworks/AudioToolbox.framework; sourceTree = SDKROOT; };
		BF8F8AC515CFABCF005BC5A9 /* AVFoundation.framework */ = {isa = PBXFileReference; lastKnownFileType = wrapper.framework; name = AVFoundation.framework; path = System/Library/Frameworks/AVFoundation.framework; sourceTree = SDKROOT; };
		BF8F8AC715CFABCF005BC5A9 /* UIKit.framework */ = {isa = PBXFileReference; lastKnownFileType = wrapper.framework; name = UIKit.framework; path = System/Library/Frameworks/UIKit.framework; sourceTree = SDKROOT; };
		BF8F8AC915CFABCF005BC5A9 /* Foundation.framework */ = {isa = PBXFileReference; lastKnownFileType = wrapper.framework; name = Foundation.framework; path = System/Library/Frameworks/Foundation.framework; sourceTree = SDKROOT; };
		BF8F8ACB15CFABCF005BC5A9 /* CoreGraphics.framework */ = {isa = PBXFileReference; lastKnownFileType = wrapper.framework; name = CoreGraphics.framework; path = System/Library/Frameworks/CoreGraphics.framework; sourceTree = SDKROOT; };
		BF8F8ACF15CFABCF005BC5A9 /* Default.png */ = {isa = PBXFileReference; lastKnownFileType = image.png; name = Default.png; path = Resources/Default.png; sourceTree = "<group>"; };
		BF8F8AD115CFABCF005BC5A9 /* fps_images.png */ = {isa = PBXFileReference; lastKnownFileType = image.png; name = fps_images.png; path = Resources/fps_images.png; sourceTree = "<group>"; };
		BF8F8AD315CFABCF005BC5A9 /* Icon-72.png */ = {isa = PBXFileReference; lastKnownFileType = image.png; name = "Icon-72.png"; path = "Resources/Icon-72.png"; sourceTree = "<group>"; };
		BF8F8AD515CFABCF005BC5A9 /* Icon-Small-50.png */ = {isa = PBXFileReference; lastKnownFileType = image.png; name = "Icon-Small-50.png"; path = "Resources/Icon-Small-50.png"; sourceTree = "<group>"; };
		BF8F8AD715CFABCF005BC5A9 /* Icon-Small.png */ = {isa = PBXFileReference; lastKnownFileType = image.png; name = "Icon-Small.png"; path = "Resources/Icon-Small.png"; sourceTree = "<group>"; };
		BF8F8AD915CFABCF005BC5A9 /* Icon-Small@2x.png */ = {isa = PBXFileReference; lastKnownFileType = image.png; name = "Icon-Small@2x.png"; path = "Resources/Icon-Small@2x.png"; sourceTree = "<group>"; };
		BF8F8ADB15CFABCF005BC5A9 /* Icon.png */ = {isa = PBXFileReference; lastKnownFileType = image.png; name = Icon.png; path = Resources/Icon.png; sourceTree = "<group>"; };
		BF8F8ADD15CFABCF005BC5A9 /* Icon@2x.png */ = {isa = PBXFileReference; lastKnownFileType = image.png; name = "Icon@2x.png"; path = "Resources/Icon@2x.png"; sourceTree = "<group>"; };
		BF8F8ADF15CFABCF005BC5A9 /* Info.plist */ = {isa = PBXFileReference; name = Info.plist; path = Resources/Info.plist; sourceTree = "<group>"; };
		BF8F8AE015CFABCF005BC5A9 /* iTunesArtwork */ = {isa = PBXFileReference; lastKnownFileType = file; name = iTunesArtwork; path = Resources/iTunesArtwork; sourceTree = "<group>"; };
		BF8F8AE415CFABCF005BC5A9 /* CCAction.h */ = {isa = PBXFileReference; name = CCAction.h; path = libs/cocos2d/CCAction.h; sourceTree = "<group>"; };
		BF8F8AE515CFABCF005BC5A9 /* CCAction.m */ = {isa = PBXFileReference; lastKnownFileType = sourcecode.c.objc; name = CCAction.m; path = libs/cocos2d/CCAction.m; sourceTree = "<group>"; };
		BF8F8AE715CFABCF005BC5A9 /* CCActionCamera.h */ = {isa = PBXFileReference; name = CCActionCamera.h; path = libs/cocos2d/CCActionCamera.h; sourceTree = "<group>"; };
		BF8F8AE815CFABCF005BC5A9 /* CCActionCamera.m */ = {isa = PBXFileReference; lastKnownFileType = sourcecode.c.objc; name = CCActionCamera.m; path = libs/cocos2d/CCActionCamera.m; sourceTree = "<group>"; };
		BF8F8AEA15CFABCF005BC5A9 /* CCActionEase.h */ = {isa = PBXFileReference; name = CCActionEase.h; path = libs/cocos2d/CCActionEase.h; sourceTree = "<group>"; };
		BF8F8AEB15CFABCF005BC5A9 /* CCActionEase.m */ = {isa = PBXFileReference; lastKnownFileType = sourcecode.c.objc; name = CCActionEase.m; path = libs/cocos2d/CCActionEase.m; sourceTree = "<group>"; };
		BF8F8AED15CFABCF005BC5A9 /* CCActionGrid.h */ = {isa = PBXFileReference; name = CCActionGrid.h; path = libs/cocos2d/CCActionGrid.h; sourceTree = "<group>"; };
		BF8F8AEE15CFABCF005BC5A9 /* CCActionGrid.m */ = {isa = PBXFileReference; lastKnownFileType = sourcecode.c.objc; name = CCActionGrid.m; path = libs/cocos2d/CCActionGrid.m; sourceTree = "<group>"; };
		BF8F8AF015CFABCF005BC5A9 /* CCActionGrid3D.h */ = {isa = PBXFileReference; name = CCActionGrid3D.h; path = libs/cocos2d/CCActionGrid3D.h; sourceTree = "<group>"; };
		BF8F8AF115CFABCF005BC5A9 /* CCActionGrid3D.m */ = {isa = PBXFileReference; lastKnownFileType = sourcecode.c.objc; name = CCActionGrid3D.m; path = libs/cocos2d/CCActionGrid3D.m; sourceTree = "<group>"; };
		BF8F8AF315CFABCF005BC5A9 /* CCActionInstant.h */ = {isa = PBXFileReference; name = CCActionInstant.h; path = libs/cocos2d/CCActionInstant.h; sourceTree = "<group>"; };
		BF8F8AF415CFABCF005BC5A9 /* CCActionInstant.m */ = {isa = PBXFileReference; lastKnownFileType = sourcecode.c.objc; name = CCActionInstant.m; path = libs/cocos2d/CCActionInstant.m; sourceTree = "<group>"; };
		BF8F8AF615CFABCF005BC5A9 /* CCActionInterval.h */ = {isa = PBXFileReference; name = CCActionInterval.h; path = libs/cocos2d/CCActionInterval.h; sourceTree = "<group>"; };
		BF8F8AF715CFABCF005BC5A9 /* CCActionInterval.m */ = {isa = PBXFileReference; lastKnownFileType = sourcecode.c.objc; name = CCActionInterval.m; path = libs/cocos2d/CCActionInterval.m; sourceTree = "<group>"; };
		BF8F8AF915CFABCF005BC5A9 /* CCActionManager.h */ = {isa = PBXFileReference; name = CCActionManager.h; path = libs/cocos2d/CCActionManager.h; sourceTree = "<group>"; };
		BF8F8AFA15CFABCF005BC5A9 /* CCActionManager.m */ = {isa = PBXFileReference; lastKnownFileType = sourcecode.c.objc; name = CCActionManager.m; path = libs/cocos2d/CCActionManager.m; sourceTree = "<group>"; };
		BF8F8AFC15CFABCF005BC5A9 /* CCActionPageTurn3D.h */ = {isa = PBXFileReference; name = CCActionPageTurn3D.h; path = libs/cocos2d/CCActionPageTurn3D.h; sourceTree = "<group>"; };
		BF8F8AFD15CFABCF005BC5A9 /* CCActionPageTurn3D.m */ = {isa = PBXFileReference; lastKnownFileType = sourcecode.c.objc; name = CCActionPageTurn3D.m; path = libs/cocos2d/CCActionPageTurn3D.m; sourceTree = "<group>"; };
		BF8F8AFF15CFABCF005BC5A9 /* CCActionProgressTimer.h */ = {isa = PBXFileReference; name = CCActionProgressTimer.h; path = libs/cocos2d/CCActionProgressTimer.h; sourceTree = "<group>"; };
		BF8F8B0015CFABCF005BC5A9 /* CCActionProgressTimer.m */ = {isa = PBXFileReference; lastKnownFileType = sourcecode.c.objc; name = CCActionProgressTimer.m; path = libs/cocos2d/CCActionProgressTimer.m; sourceTree = "<group>"; };
		BF8F8B0215CFABCF005BC5A9 /* CCActionTiledGrid.h */ = {isa = PBXFileReference; name = CCActionTiledGrid.h; path = libs/cocos2d/CCActionTiledGrid.h; sourceTree = "<group>"; };
		BF8F8B0315CFABCF005BC5A9 /* CCActionTiledGrid.m */ = {isa = PBXFileReference; lastKnownFileType = sourcecode.c.objc; name = CCActionTiledGrid.m; path = libs/cocos2d/CCActionTiledGrid.m; sourceTree = "<group>"; };
		BF8F8B0515CFABCF005BC5A9 /* CCActionTween.h */ = {isa = PBXFileReference; name = CCActionTween.h; path = libs/cocos2d/CCActionTween.h; sourceTree = "<group>"; };
		BF8F8B0615CFABCF005BC5A9 /* CCActionTween.m */ = {isa = PBXFileReference; lastKnownFileType = sourcecode.c.objc; name = CCActionTween.m; path = libs/cocos2d/CCActionTween.m; sourceTree = "<group>"; };
		BF8F8B0815CFABCF005BC5A9 /* CCAnimation.h */ = {isa = PBXFileReference; name = CCAnimation.h; path = libs/cocos2d/CCAnimation.h; sourceTree = "<group>"; };
		BF8F8B0915CFABCF005BC5A9 /* CCAnimation.m */ = {isa = PBXFileReference; lastKnownFileType = sourcecode.c.objc; name = CCAnimation.m; path = libs/cocos2d/CCAnimation.m; sourceTree = "<group>"; };
		BF8F8B0B15CFABCF005BC5A9 /* CCAnimationCache.h */ = {isa = PBXFileReference; name = CCAnimationCache.h; path = libs/cocos2d/CCAnimationCache.h; sourceTree = "<group>"; };
		BF8F8B0C15CFABCF005BC5A9 /* CCAnimationCache.m */ = {isa = PBXFileReference; lastKnownFileType = sourcecode.c.objc; name = CCAnimationCache.m; path = libs/cocos2d/CCAnimationCache.m; sourceTree = "<group>"; };
		BF8F8B0E15CFABCF005BC5A9 /* CCAtlasNode.h */ = {isa = PBXFileReference; name = CCAtlasNode.h; path = libs/cocos2d/CCAtlasNode.h; sourceTree = "<group>"; };
		BF8F8B0F15CFABCF005BC5A9 /* CCAtlasNode.m */ = {isa = PBXFileReference; lastKnownFileType = sourcecode.c.objc; name = CCAtlasNode.m; path = libs/cocos2d/CCAtlasNode.m; sourceTree = "<group>"; };
		BF8F8B1115CFABCF005BC5A9 /* CCBlockSupport.h */ = {isa = PBXFileReference; name = CCBlockSupport.h; path = libs/cocos2d/CCBlockSupport.h; sourceTree = "<group>"; };
		BF8F8B1215CFABCF005BC5A9 /* CCBlockSupport.m */ = {isa = PBXFileReference; lastKnownFileType = sourcecode.c.objc; name = CCBlockSupport.m; path = libs/cocos2d/CCBlockSupport.m; sourceTree = "<group>"; };
		BF8F8B1415CFABCF005BC5A9 /* CCCamera.h */ = {isa = PBXFileReference; name = CCCamera.h; path = libs/cocos2d/CCCamera.h; sourceTree = "<group>"; };
		BF8F8B1515CFABCF005BC5A9 /* CCCamera.m */ = {isa = PBXFileReference; lastKnownFileType = sourcecode.c.objc; name = CCCamera.m; path = libs/cocos2d/CCCamera.m; sourceTree = "<group>"; };
		BF8F8B1715CFABCF005BC5A9 /* ccConfig.h */ = {isa = PBXFileReference; name = ccConfig.h; path = libs/cocos2d/ccConfig.h; sourceTree = "<group>"; };
		BF8F8B1815CFABCF005BC5A9 /* CCConfiguration.h */ = {isa = PBXFileReference; name = CCConfiguration.h; path = libs/cocos2d/CCConfiguration.h; sourceTree = "<group>"; };
		BF8F8B1915CFABCF005BC5A9 /* CCConfiguration.m */ = {isa = PBXFileReference; lastKnownFileType = sourcecode.c.objc; name = CCConfiguration.m; path = libs/cocos2d/CCConfiguration.m; sourceTree = "<group>"; };
		BF8F8B1B15CFABCF005BC5A9 /* CCDirector.h */ = {isa = PBXFileReference; name = CCDirector.h; path = libs/cocos2d/CCDirector.h; sourceTree = "<group>"; };
		BF8F8B1C15CFABCF005BC5A9 /* CCDirector.m */ = {isa = PBXFileReference; lastKnownFileType = sourcecode.c.objc; name = CCDirector.m; path = libs/cocos2d/CCDirector.m; sourceTree = "<group>"; };
		BF8F8B1E15CFABCF005BC5A9 /* CCDrawingPrimitives.h */ = {isa = PBXFileReference; name = CCDrawingPrimitives.h; path = libs/cocos2d/CCDrawingPrimitives.h; sourceTree = "<group>"; };
		BF8F8B1F15CFABCF005BC5A9 /* CCDrawingPrimitives.m */ = {isa = PBXFileReference; lastKnownFileType = sourcecode.c.objc; name = CCDrawingPrimitives.m; path = libs/cocos2d/CCDrawingPrimitives.m; sourceTree = "<group>"; };
		BF8F8B2115CFABCF005BC5A9 /* CCGrabber.h */ = {isa = PBXFileReference; name = CCGrabber.h; path = libs/cocos2d/CCGrabber.h; sourceTree = "<group>"; };
		BF8F8B2215CFABCF005BC5A9 /* CCGrabber.m */ = {isa = PBXFileReference; lastKnownFileType = sourcecode.c.objc; name = CCGrabber.m; path = libs/cocos2d/CCGrabber.m; sourceTree = "<group>"; };
		BF8F8B2415CFABCF005BC5A9 /* CCGrid.h */ = {isa = PBXFileReference; name = CCGrid.h; path = libs/cocos2d/CCGrid.h; sourceTree = "<group>"; };
		BF8F8B2515CFABD0005BC5A9 /* CCGrid.m */ = {isa = PBXFileReference; lastKnownFileType = sourcecode.c.objc; name = CCGrid.m; path = libs/cocos2d/CCGrid.m; sourceTree = "<group>"; };
		BF8F8B2715CFABD0005BC5A9 /* CCLabelAtlas.h */ = {isa = PBXFileReference; name = CCLabelAtlas.h; path = libs/cocos2d/CCLabelAtlas.h; sourceTree = "<group>"; };
		BF8F8B2815CFABD0005BC5A9 /* CCLabelAtlas.m */ = {isa = PBXFileReference; lastKnownFileType = sourcecode.c.objc; name = CCLabelAtlas.m; path = libs/cocos2d/CCLabelAtlas.m; sourceTree = "<group>"; };
		BF8F8B2A15CFABD0005BC5A9 /* CCLabelBMFont.h */ = {isa = PBXFileReference; name = CCLabelBMFont.h; path = libs/cocos2d/CCLabelBMFont.h; sourceTree = "<group>"; };
		BF8F8B2B15CFABD0005BC5A9 /* CCLabelBMFont.m */ = {isa = PBXFileReference; lastKnownFileType = sourcecode.c.objc; name = CCLabelBMFont.m; path = libs/cocos2d/CCLabelBMFont.m; sourceTree = "<group>"; };
		BF8F8B2D15CFABD0005BC5A9 /* CCLabelTTF.h */ = {isa = PBXFileReference; name = CCLabelTTF.h; path = libs/cocos2d/CCLabelTTF.h; sourceTree = "<group>"; };
		BF8F8B2E15CFABD0005BC5A9 /* CCLabelTTF.m */ = {isa = PBXFileReference; lastKnownFileType = sourcecode.c.objc; name = CCLabelTTF.m; path = libs/cocos2d/CCLabelTTF.m; sourceTree = "<group>"; };
		BF8F8B3015CFABD0005BC5A9 /* CCLayer.h */ = {isa = PBXFileReference; name = CCLayer.h; path = libs/cocos2d/CCLayer.h; sourceTree = "<group>"; };
		BF8F8B3115CFABD0005BC5A9 /* CCLayer.m */ = {isa = PBXFileReference; lastKnownFileType = sourcecode.c.objc; name = CCLayer.m; path = libs/cocos2d/CCLayer.m; sourceTree = "<group>"; };
		BF8F8B3315CFABD0005BC5A9 /* ccMacros.h */ = {isa = PBXFileReference; name = ccMacros.h; path = libs/cocos2d/ccMacros.h; sourceTree = "<group>"; };
		BF8F8B3415CFABD0005BC5A9 /* CCMenu.h */ = {isa = PBXFileReference; name = CCMenu.h; path = libs/cocos2d/CCMenu.h; sourceTree = "<group>"; };
		BF8F8B3515CFABD0005BC5A9 /* CCMenu.m */ = {isa = PBXFileReference; lastKnownFileType = sourcecode.c.objc; name = CCMenu.m; path = libs/cocos2d/CCMenu.m; sourceTree = "<group>"; };
		BF8F8B3715CFABD0005BC5A9 /* CCMenuItem.h */ = {isa = PBXFileReference; name = CCMenuItem.h; path = libs/cocos2d/CCMenuItem.h; sourceTree = "<group>"; };
		BF8F8B3815CFABD0005BC5A9 /* CCMenuItem.m */ = {isa = PBXFileReference; lastKnownFileType = sourcecode.c.objc; name = CCMenuItem.m; path = libs/cocos2d/CCMenuItem.m; sourceTree = "<group>"; };
		BF8F8B3A15CFABD0005BC5A9 /* CCMotionStreak.h */ = {isa = PBXFileReference; name = CCMotionStreak.h; path = libs/cocos2d/CCMotionStreak.h; sourceTree = "<group>"; };
		BF8F8B3B15CFABD0005BC5A9 /* CCMotionStreak.m */ = {isa = PBXFileReference; lastKnownFileType = sourcecode.c.objc; name = CCMotionStreak.m; path = libs/cocos2d/CCMotionStreak.m; sourceTree = "<group>"; };
		BF8F8B3D15CFABD0005BC5A9 /* CCNode.h */ = {isa = PBXFileReference; name = CCNode.h; path = libs/cocos2d/CCNode.h; sourceTree = "<group>"; };
		BF8F8B3E15CFABD0005BC5A9 /* CCNode.m */ = {isa = PBXFileReference; lastKnownFileType = sourcecode.c.objc; name = CCNode.m; path = libs/cocos2d/CCNode.m; sourceTree = "<group>"; };
		BF8F8B4015CFABD0005BC5A9 /* CCParallaxNode.h */ = {isa = PBXFileReference; name = CCParallaxNode.h; path = libs/cocos2d/CCParallaxNode.h; sourceTree = "<group>"; };
		BF8F8B4115CFABD0005BC5A9 /* CCParallaxNode.m */ = {isa = PBXFileReference; lastKnownFileType = sourcecode.c.objc; name = CCParallaxNode.m; path = libs/cocos2d/CCParallaxNode.m; sourceTree = "<group>"; };
		BF8F8B4315CFABD0005BC5A9 /* CCParticleExamples.h */ = {isa = PBXFileReference; name = CCParticleExamples.h; path = libs/cocos2d/CCParticleExamples.h; sourceTree = "<group>"; };
		BF8F8B4415CFABD0005BC5A9 /* CCParticleExamples.m */ = {isa = PBXFileReference; lastKnownFileType = sourcecode.c.objc; name = CCParticleExamples.m; path = libs/cocos2d/CCParticleExamples.m; sourceTree = "<group>"; };
		BF8F8B4615CFABD0005BC5A9 /* CCParticleSystem.h */ = {isa = PBXFileReference; name = CCParticleSystem.h; path = libs/cocos2d/CCParticleSystem.h; sourceTree = "<group>"; };
		BF8F8B4715CFABD0005BC5A9 /* CCParticleSystem.m */ = {isa = PBXFileReference; lastKnownFileType = sourcecode.c.objc; name = CCParticleSystem.m; path = libs/cocos2d/CCParticleSystem.m; sourceTree = "<group>"; };
		BF8F8B4915CFABD0005BC5A9 /* CCParticleSystemPoint.h */ = {isa = PBXFileReference; name = CCParticleSystemPoint.h; path = libs/cocos2d/CCParticleSystemPoint.h; sourceTree = "<group>"; };
		BF8F8B4A15CFABD0005BC5A9 /* CCParticleSystemPoint.m */ = {isa = PBXFileReference; lastKnownFileType = sourcecode.c.objc; name = CCParticleSystemPoint.m; path = libs/cocos2d/CCParticleSystemPoint.m; sourceTree = "<group>"; };
		BF8F8B4C15CFABD0005BC5A9 /* CCParticleSystemQuad.h */ = {isa = PBXFileReference; name = CCParticleSystemQuad.h; path = libs/cocos2d/CCParticleSystemQuad.h; sourceTree = "<group>"; };
		BF8F8B4D15CFABD0005BC5A9 /* CCParticleSystemQuad.m */ = {isa = PBXFileReference; lastKnownFileType = sourcecode.c.objc; name = CCParticleSystemQuad.m; path = libs/cocos2d/CCParticleSystemQuad.m; sourceTree = "<group>"; };
		BF8F8B4F15CFABD0005BC5A9 /* CCProgressTimer.h */ = {isa = PBXFileReference; name = CCProgressTimer.h; path = libs/cocos2d/CCProgressTimer.h; sourceTree = "<group>"; };
		BF8F8B5015CFABD0005BC5A9 /* CCProgressTimer.m */ = {isa = PBXFileReference; lastKnownFileType = sourcecode.c.objc; name = CCProgressTimer.m; path = libs/cocos2d/CCProgressTimer.m; sourceTree = "<group>"; };
		BF8F8B5215CFABD0005BC5A9 /* CCProtocols.h */ = {isa = PBXFileReference; name = CCProtocols.h; path = libs/cocos2d/CCProtocols.h; sourceTree = "<group>"; };
		BF8F8B5315CFABD0005BC5A9 /* CCRenderTexture.h */ = {isa = PBXFileReference; name = CCRenderTexture.h; path = libs/cocos2d/CCRenderTexture.h; sourceTree = "<group>"; };
		BF8F8B5415CFABD0005BC5A9 /* CCRenderTexture.m */ = {isa = PBXFileReference; lastKnownFileType = sourcecode.c.objc; name = CCRenderTexture.m; path = libs/cocos2d/CCRenderTexture.m; sourceTree = "<group>"; };
		BF8F8B5615CFABD0005BC5A9 /* CCRibbon.h */ = {isa = PBXFileReference; name = CCRibbon.h; path = libs/cocos2d/CCRibbon.h; sourceTree = "<group>"; };
		BF8F8B5715CFABD0005BC5A9 /* CCRibbon.m */ = {isa = PBXFileReference; lastKnownFileType = sourcecode.c.objc; name = CCRibbon.m; path = libs/cocos2d/CCRibbon.m; sourceTree = "<group>"; };
		BF8F8B5915CFABD0005BC5A9 /* CCScene.h */ = {isa = PBXFileReference; name = CCScene.h; path = libs/cocos2d/CCScene.h; sourceTree = "<group>"; };
		BF8F8B5A15CFABD0005BC5A9 /* CCScene.m */ = {isa = PBXFileReference; lastKnownFileType = sourcecode.c.objc; name = CCScene.m; path = libs/cocos2d/CCScene.m; sourceTree = "<group>"; };
		BF8F8B5C15CFABD0005BC5A9 /* CCScheduler.h */ = {isa = PBXFileReference; name = CCScheduler.h; path = libs/cocos2d/CCScheduler.h; sourceTree = "<group>"; };
		BF8F8B5D15CFABD0005BC5A9 /* CCScheduler.m */ = {isa = PBXFileReference; lastKnownFileType = sourcecode.c.objc; name = CCScheduler.m; path = libs/cocos2d/CCScheduler.m; sourceTree = "<group>"; };
		BF8F8B5F15CFABD0005BC5A9 /* CCSprite.h */ = {isa = PBXFileReference; name = CCSprite.h; path = libs/cocos2d/CCSprite.h; sourceTree = "<group>"; };
		BF8F8B6015CFABD0005BC5A9 /* CCSprite.m */ = {isa = PBXFileReference; lastKnownFileType = sourcecode.c.objc; name = CCSprite.m; path = libs/cocos2d/CCSprite.m; sourceTree = "<group>"; };
		BF8F8B6215CFABD0005BC5A9 /* CCSpriteBatchNode.h */ = {isa = PBXFileReference; name = CCSpriteBatchNode.h; path = libs/cocos2d/CCSpriteBatchNode.h; sourceTree = "<group>"; };
		BF8F8B6315CFABD0005BC5A9 /* CCSpriteBatchNode.m */ = {isa = PBXFileReference; lastKnownFileType = sourcecode.c.objc; name = CCSpriteBatchNode.m; path = libs/cocos2d/CCSpriteBatchNode.m; sourceTree = "<group>"; };
		BF8F8B6515CFABD0005BC5A9 /* CCSpriteFrame.h */ = {isa = PBXFileReference; name = CCSpriteFrame.h; path = libs/cocos2d/CCSpriteFrame.h; sourceTree = "<group>"; };
		BF8F8B6615CFABD0005BC5A9 /* CCSpriteFrame.m */ = {isa = PBXFileReference; lastKnownFileType = sourcecode.c.objc; name = CCSpriteFrame.m; path = libs/cocos2d/CCSpriteFrame.m; sourceTree = "<group>"; };
		BF8F8B6815CFABD0005BC5A9 /* CCSpriteFrameCache.h */ = {isa = PBXFileReference; name = CCSpriteFrameCache.h; path = libs/cocos2d/CCSpriteFrameCache.h; sourceTree = "<group>"; };
		BF8F8B6915CFABD0005BC5A9 /* CCSpriteFrameCache.m */ = {isa = PBXFileReference; lastKnownFileType = sourcecode.c.objc; name = CCSpriteFrameCache.m; path = libs/cocos2d/CCSpriteFrameCache.m; sourceTree = "<group>"; };
		BF8F8B6B15CFABD0005BC5A9 /* CCTexture2D.h */ = {isa = PBXFileReference; name = CCTexture2D.h; path = libs/cocos2d/CCTexture2D.h; sourceTree = "<group>"; };
		BF8F8B6C15CFABD0005BC5A9 /* CCTexture2D.m */ = {isa = PBXFileReference; lastKnownFileType = sourcecode.c.objc; name = CCTexture2D.m; path = libs/cocos2d/CCTexture2D.m; sourceTree = "<group>"; };
		BF8F8B6E15CFABD0005BC5A9 /* CCTextureAtlas.h */ = {isa = PBXFileReference; name = CCTextureAtlas.h; path = libs/cocos2d/CCTextureAtlas.h; sourceTree = "<group>"; };
		BF8F8B6F15CFABD0005BC5A9 /* CCTextureAtlas.m */ = {isa = PBXFileReference; lastKnownFileType = sourcecode.c.objc; name = CCTextureAtlas.m; path = libs/cocos2d/CCTextureAtlas.m; sourceTree = "<group>"; };
		BF8F8B7115CFABD0005BC5A9 /* CCTextureCache.h */ = {isa = PBXFileReference; name = CCTextureCache.h; path = libs/cocos2d/CCTextureCache.h; sourceTree = "<group>"; };
		BF8F8B7215CFABD0005BC5A9 /* CCTextureCache.m */ = {isa = PBXFileReference; lastKnownFileType = sourcecode.c.objc; name = CCTextureCache.m; path = libs/cocos2d/CCTextureCache.m; sourceTree = "<group>"; };
		BF8F8B7415CFABD0005BC5A9 /* CCTexturePVR.h */ = {isa = PBXFileReference; name = CCTexturePVR.h; path = libs/cocos2d/CCTexturePVR.h; sourceTree = "<group>"; };
		BF8F8B7515CFABD0005BC5A9 /* CCTexturePVR.m */ = {isa = PBXFileReference; lastKnownFileType = sourcecode.c.objc; name = CCTexturePVR.m; path = libs/cocos2d/CCTexturePVR.m; sourceTree = "<group>"; };
		BF8F8B7715CFABD0005BC5A9 /* CCTileMapAtlas.h */ = {isa = PBXFileReference; name = CCTileMapAtlas.h; path = libs/cocos2d/CCTileMapAtlas.h; sourceTree = "<group>"; };
		BF8F8B7815CFABD0005BC5A9 /* CCTileMapAtlas.m */ = {isa = PBXFileReference; lastKnownFileType = sourcecode.c.objc; name = CCTileMapAtlas.m; path = libs/cocos2d/CCTileMapAtlas.m; sourceTree = "<group>"; };
		BF8F8B7A15CFABD0005BC5A9 /* CCTMXLayer.h */ = {isa = PBXFileReference; name = CCTMXLayer.h; path = libs/cocos2d/CCTMXLayer.h; sourceTree = "<group>"; };
		BF8F8B7B15CFABD0005BC5A9 /* CCTMXLayer.m */ = {isa = PBXFileReference; lastKnownFileType = sourcecode.c.objc; name = CCTMXLayer.m; path = libs/cocos2d/CCTMXLayer.m; sourceTree = "<group>"; };
		BF8F8B7D15CFABD0005BC5A9 /* CCTMXObjectGroup.h */ = {isa = PBXFileReference; name = CCTMXObjectGroup.h; path = libs/cocos2d/CCTMXObjectGroup.h; sourceTree = "<group>"; };
		BF8F8B7E15CFABD0005BC5A9 /* CCTMXObjectGroup.m */ = {isa = PBXFileReference; lastKnownFileType = sourcecode.c.objc; name = CCTMXObjectGroup.m; path = libs/cocos2d/CCTMXObjectGroup.m; sourceTree = "<group>"; };
		BF8F8B8015CFABD0005BC5A9 /* CCTMXTiledMap.h */ = {isa = PBXFileReference; name = CCTMXTiledMap.h; path = libs/cocos2d/CCTMXTiledMap.h; sourceTree = "<group>"; };
		BF8F8B8115CFABD0005BC5A9 /* CCTMXTiledMap.m */ = {isa = PBXFileReference; lastKnownFileType = sourcecode.c.objc; name = CCTMXTiledMap.m; path = libs/cocos2d/CCTMXTiledMap.m; sourceTree = "<group>"; };
		BF8F8B8315CFABD0005BC5A9 /* CCTMXXMLParser.h */ = {isa = PBXFileReference; name = CCTMXXMLParser.h; path = libs/cocos2d/CCTMXXMLParser.h; sourceTree = "<group>"; };
		BF8F8B8415CFABD0005BC5A9 /* CCTMXXMLParser.m */ = {isa = PBXFileReference; lastKnownFileType = sourcecode.c.objc; name = CCTMXXMLParser.m; path = libs/cocos2d/CCTMXXMLParser.m; sourceTree = "<group>"; };
		BF8F8B8615CFABD0005BC5A9 /* CCTransition.h */ = {isa = PBXFileReference; name = CCTransition.h; path = libs/cocos2d/CCTransition.h; sourceTree = "<group>"; };
		BF8F8B8715CFABD0005BC5A9 /* CCTransition.m */ = {isa = PBXFileReference; lastKnownFileType = sourcecode.c.objc; name = CCTransition.m; path = libs/cocos2d/CCTransition.m; sourceTree = "<group>"; };
		BF8F8B8915CFABD0005BC5A9 /* CCTransitionPageTurn.h */ = {isa = PBXFileReference; name = CCTransitionPageTurn.h; path = libs/cocos2d/CCTransitionPageTurn.h; sourceTree = "<group>"; };
		BF8F8B8A15CFABD0005BC5A9 /* CCTransitionPageTurn.m */ = {isa = PBXFileReference; lastKnownFileType = sourcecode.c.objc; name = CCTransitionPageTurn.m; path = libs/cocos2d/CCTransitionPageTurn.m; sourceTree = "<group>"; };
		BF8F8B8C15CFABD0005BC5A9 /* CCTransitionRadial.h */ = {isa = PBXFileReference; name = CCTransitionRadial.h; path = libs/cocos2d/CCTransitionRadial.h; sourceTree = "<group>"; };
		BF8F8B8D15CFABD0005BC5A9 /* CCTransitionRadial.m */ = {isa = PBXFileReference; lastKnownFileType = sourcecode.c.objc; name = CCTransitionRadial.m; path = libs/cocos2d/CCTransitionRadial.m; sourceTree = "<group>"; };
		BF8F8B8F15CFABD0005BC5A9 /* ccTypes.h */ = {isa = PBXFileReference; name = ccTypes.h; path = libs/cocos2d/ccTypes.h; sourceTree = "<group>"; };
		BF8F8B9015CFABD0005BC5A9 /* cocos2d.h */ = {isa = PBXFileReference; name = cocos2d.h; path = libs/cocos2d/cocos2d.h; sourceTree = "<group>"; };
		BF8F8B9115CFABD0005BC5A9 /* cocos2d.m */ = {isa = PBXFileReference; lastKnownFileType = sourcecode.c.objc; name = cocos2d.m; path = libs/cocos2d/cocos2d.m; sourceTree = "<group>"; };
		BF8F8B9415CFABD0005BC5A9 /* CCGL.h */ = {isa = PBXFileReference; name = CCGL.h; path = libs/cocos2d/Platforms/CCGL.h; sourceTree = "<group>"; };
		BF8F8B9515CFABD0005BC5A9 /* CCNS.h */ = {isa = PBXFileReference; name = CCNS.h; path = libs/cocos2d/Platforms/CCNS.h; sourceTree = "<group>"; };
		BF8F8B9715CFABD0005BC5A9 /* CCDirectorIOS.h */ = {isa = PBXFileReference; name = CCDirectorIOS.h; path = libs/cocos2d/Platforms/iOS/CCDirectorIOS.h; sourceTree = "<group>"; };
		BF8F8B9815CFABD0005BC5A9 /* CCDirectorIOS.m */ = {isa = PBXFileReference; lastKnownFileType = sourcecode.c.objc; name = CCDirectorIOS.m; path = libs/cocos2d/Platforms/iOS/CCDirectorIOS.m; sourceTree = "<group>"; };
		BF8F8B9A15CFABD0005BC5A9 /* CCTouchDelegateProtocol.h */ = {isa = PBXFileReference; name = CCTouchDelegateProtocol.h; path = libs/cocos2d/Platforms/iOS/CCTouchDelegateProtocol.h; sourceTree = "<group>"; };
		BF8F8B9B15CFABD0005BC5A9 /* CCTouchDispatcher.h */ = {isa = PBXFileReference; name = CCTouchDispatcher.h; path = libs/cocos2d/Platforms/iOS/CCTouchDispatcher.h; sourceTree = "<group>"; };
		BF8F8B9C15CFABD0005BC5A9 /* CCTouchDispatcher.m */ = {isa = PBXFileReference; lastKnownFileType = sourcecode.c.objc; name = CCTouchDispatcher.m; path = libs/cocos2d/Platforms/iOS/CCTouchDispatcher.m; sourceTree = "<group>"; };
		BF8F8B9E15CFABD0005BC5A9 /* CCTouchHandler.h */ = {isa = PBXFileReference; name = CCTouchHandler.h; path = libs/cocos2d/Platforms/iOS/CCTouchHandler.h; sourceTree = "<group>"; };
		BF8F8B9F15CFABD0005BC5A9 /* CCTouchHandler.m */ = {isa = PBXFileReference; lastKnownFileType = sourcecode.c.objc; name = CCTouchHandler.m; path = libs/cocos2d/Platforms/iOS/CCTouchHandler.m; sourceTree = "<group>"; };
		BF8F8BA115CFABD0005BC5A9 /* EAGLView.h */ = {isa = PBXFileReference; name = EAGLView.h; path = libs/cocos2d/Platforms/iOS/EAGLView.h; sourceTree = "<group>"; };
		BF8F8BA215CFABD0005BC5A9 /* EAGLView.m */ = {isa = PBXFileReference; lastKnownFileType = sourcecode.c.objc; name = EAGLView.m; path = libs/cocos2d/Platforms/iOS/EAGLView.m; sourceTree = "<group>"; };
		BF8F8BA415CFABD0005BC5A9 /* ES1Renderer.h */ = {isa = PBXFileReference; name = ES1Renderer.h; path = libs/cocos2d/Platforms/iOS/ES1Renderer.h; sourceTree = "<group>"; };
		BF8F8BA515CFABD0005BC5A9 /* ES1Renderer.m */ = {isa = PBXFileReference; lastKnownFileType = sourcecode.c.objc; name = ES1Renderer.m; path = libs/cocos2d/Platforms/iOS/ES1Renderer.m; sourceTree = "<group>"; };
		BF8F8BA715CFABD0005BC5A9 /* ESRenderer.h */ = {isa = PBXFileReference; name = ESRenderer.h; path = libs/cocos2d/Platforms/iOS/ESRenderer.h; sourceTree = "<group>"; };
		BF8F8BA815CFABD0005BC5A9 /* glu.c */ = {isa = PBXFileReference; lastKnownFileType = sourcecode.c.c; name = glu.c; path = libs/cocos2d/Platforms/iOS/glu.c; sourceTree = "<group>"; };
		BF8F8BAA15CFABD0005BC5A9 /* glu.h */ = {isa = PBXFileReference; name = glu.h; path = libs/cocos2d/Platforms/iOS/glu.h; sourceTree = "<group>"; };
		BF8F8BAC15CFABD0005BC5A9 /* CCDirectorMac.h */ = {isa = PBXFileReference; name = CCDirectorMac.h; path = libs/cocos2d/Platforms/Mac/CCDirectorMac.h; sourceTree = "<group>"; };
		BF8F8BAD15CFABD0005BC5A9 /* CCDirectorMac.m */ = {isa = PBXFileReference; lastKnownFileType = sourcecode.c.objc; name = CCDirectorMac.m; path = libs/cocos2d/Platforms/Mac/CCDirectorMac.m; sourceTree = "<group>"; };
		BF8F8BAF15CFABD0005BC5A9 /* CCEventDispatcher.h */ = {isa = PBXFileReference; name = CCEventDispatcher.h; path = libs/cocos2d/Platforms/Mac/CCEventDispatcher.h; sourceTree = "<group>"; };
		BF8F8BB015CFABD0005BC5A9 /* CCEventDispatcher.m */ = {isa = PBXFileReference; lastKnownFileType = sourcecode.c.objc; name = CCEventDispatcher.m; path = libs/cocos2d/Platforms/Mac/CCEventDispatcher.m; sourceTree = "<group>"; };
		BF8F8BB215CFABD0005BC5A9 /* MacGLView.h */ = {isa = PBXFileReference; name = MacGLView.h; path = libs/cocos2d/Platforms/Mac/MacGLView.h; sourceTree = "<group>"; };
		BF8F8BB315CFABD0005BC5A9 /* MacGLView.m */ = {isa = PBXFileReference; lastKnownFileType = sourcecode.c.objc; name = MacGLView.m; path = libs/cocos2d/Platforms/Mac/MacGLView.m; sourceTree = "<group>"; };
		BF8F8BB515CFABD0005BC5A9 /* MacWindow.h */ = {isa = PBXFileReference; name = MacWindow.h; path = libs/cocos2d/Platforms/Mac/MacWindow.h; sourceTree = "<group>"; };
		BF8F8BB615CFABD0005BC5A9 /* MacWindow.m */ = {isa = PBXFileReference; lastKnownFileType = sourcecode.c.objc; name = MacWindow.m; path = libs/cocos2d/Platforms/Mac/MacWindow.m; sourceTree = "<group>"; };
		BF8F8BB915CFABD0005BC5A9 /* base64.c */ = {isa = PBXFileReference; lastKnownFileType = sourcecode.c.c; name = base64.c; path = libs/cocos2d/Support/base64.c; sourceTree = "<group>"; };
		BF8F8BBB15CFABD0005BC5A9 /* base64.h */ = {isa = PBXFileReference; name = base64.h; path = libs/cocos2d/Support/base64.h; sourceTree = "<group>"; };
		BF8F8BBC15CFABD0005BC5A9 /* CCArray.h */ = {isa = PBXFileReference; name = CCArray.h; path = libs/cocos2d/Support/CCArray.h; sourceTree = "<group>"; };
		BF8F8BBD15CFABD0005BC5A9 /* CCArray.m */ = {isa = PBXFileReference; lastKnownFileType = sourcecode.c.objc; name = CCArray.m; path = libs/cocos2d/Support/CCArray.m; sourceTree = "<group>"; };
		BF8F8BBF15CFABD0005BC5A9 /* ccCArray.h */ = {isa = PBXFileReference; name = ccCArray.h; path = libs/cocos2d/Support/ccCArray.h; sourceTree = "<group>"; };
		BF8F8BC015CFABD0005BC5A9 /* CCFileUtils.h */ = {isa = PBXFileReference; name = CCFileUtils.h; path = libs/cocos2d/Support/CCFileUtils.h; sourceTree = "<group>"; };
		BF8F8BC115CFABD0005BC5A9 /* CCFileUtils.m */ = {isa = PBXFileReference; lastKnownFileType = sourcecode.c.objc; name = CCFileUtils.m; path = libs/cocos2d/Support/CCFileUtils.m; sourceTree = "<group>"; };
		BF8F8BC315CFABD0005BC5A9 /* CCProfiling.h */ = {isa = PBXFileReference; name = CCProfiling.h; path = libs/cocos2d/Support/CCProfiling.h; sourceTree = "<group>"; };
		BF8F8BC415CFABD0005BC5A9 /* CCProfiling.m */ = {isa = PBXFileReference; lastKnownFileType = sourcecode.c.objc; name = CCProfiling.m; path = libs/cocos2d/Support/CCProfiling.m; sourceTree = "<group>"; };
		BF8F8BC615CFABD0005BC5A9 /* ccUtils.c */ = {isa = PBXFileReference; lastKnownFileType = sourcecode.c.c; name = ccUtils.c; path = libs/cocos2d/Support/ccUtils.c; sourceTree = "<group>"; };
		BF8F8BC815CFABD0005BC5A9 /* ccUtils.h */ = {isa = PBXFileReference; name = ccUtils.h; path = libs/cocos2d/Support/ccUtils.h; sourceTree = "<group>"; };
		BF8F8BC915CFABD0005BC5A9 /* CGPointExtension.h */ = {isa = PBXFileReference; name = CGPointExtension.h; path = libs/cocos2d/Support/CGPointExtension.h; sourceTree = "<group>"; };
		BF8F8BCA15CFABD0005BC5A9 /* CGPointExtension.m */ = {isa = PBXFileReference; lastKnownFileType = sourcecode.c.objc; name = CGPointExtension.m; path = libs/cocos2d/Support/CGPointExtension.m; sourceTree = "<group>"; };
		BF8F8BCC15CFABD0005BC5A9 /* OpenGL_Internal.h */ = {isa = PBXFileReference; name = OpenGL_Internal.h; path = libs/cocos2d/Support/OpenGL_Internal.h; sourceTree = "<group>"; };
		BF8F8BCD15CFABD0005BC5A9 /* TGAlib.h */ = {isa = PBXFileReference; name = TGAlib.h; path = libs/cocos2d/Support/TGAlib.h; sourceTree = "<group>"; };
		BF8F8BCE15CFABD0005BC5A9 /* TGAlib.m */ = {isa = PBXFileReference; lastKnownFileType = sourcecode.c.objc; name = TGAlib.m; path = libs/cocos2d/Support/TGAlib.m; sourceTree = "<group>"; };
		BF8F8BD015CFABD0005BC5A9 /* TransformUtils.h */ = {isa = PBXFileReference; name = TransformUtils.h; path = libs/cocos2d/Support/TransformUtils.h; sourceTree = "<group>"; };
		BF8F8BD115CFABD0005BC5A9 /* TransformUtils.m */ = {isa = PBXFileReference; lastKnownFileType = sourcecode.c.objc; name = TransformUtils.m; path = libs/cocos2d/Support/TransformUtils.m; sourceTree = "<group>"; };
		BF8F8BD315CFABD0005BC5A9 /* uthash.h */ = {isa = PBXFileReference; name = uthash.h; path = libs/cocos2d/Support/uthash.h; sourceTree = "<group>"; };
		BF8F8BD415CFABD0005BC5A9 /* utlist.h */ = {isa = PBXFileReference; name = utlist.h; path = libs/cocos2d/Support/utlist.h; sourceTree = "<group>"; };
		BF8F8BD515CFABD0005BC5A9 /* ZipUtils.h */ = {isa = PBXFileReference; name = ZipUtils.h; path = libs/cocos2d/Support/ZipUtils.h; sourceTree = "<group>"; };
		BF8F8BD615CFABD0005BC5A9 /* ZipUtils.m */ = {isa = PBXFileReference; lastKnownFileType = sourcecode.c.objc; name = ZipUtils.m; path = libs/cocos2d/Support/ZipUtils.m; sourceTree = "<group>"; };
		BF8F8BD815CFABD0005BC5A9 /* LICENSE_cocos2d.txt */ = {isa = PBXFileReference; name = LICENSE_cocos2d.txt; path = libs/LICENSE_cocos2d.txt; sourceTree = "<group>"; };
		BF8F8BDA15CFABD0005BC5A9 /* CDAudioManager.h */ = {isa = PBXFileReference; name = CDAudioManager.h; path = libs/CocosDenshion/CDAudioManager.h; sourceTree = "<group>"; };
		BF8F8BDB15CFABD0005BC5A9 /* CDAudioManager.m */ = {isa = PBXFileReference; lastKnownFileType = sourcecode.c.objc; name = CDAudioManager.m; path = libs/CocosDenshion/CDAudioManager.m; sourceTree = "<group>"; };
		BF8F8BDD15CFABD0005BC5A9 /* CDConfig.h */ = {isa = PBXFileReference; name = CDConfig.h; path = libs/CocosDenshion/CDConfig.h; sourceTree = "<group>"; };
		BF8F8BDE15CFABD0005BC5A9 /* CDOpenALSupport.h */ = {isa = PBXFileReference; name = CDOpenALSupport.h; path = libs/CocosDenshion/CDOpenALSupport.h; sourceTree = "<group>"; };
		BF8F8BDF15CFABD0005BC5A9 /* CDOpenALSupport.m */ = {isa = PBXFileReference; lastKnownFileType = sourcecode.c.objc; name = CDOpenALSupport.m; path = libs/CocosDenshion/CDOpenALSupport.m; sourceTree = "<group>"; };
		BF8F8BE115CFABD0005BC5A9 /* CocosDenshion.h */ = {isa = PBXFileReference; name = CocosDenshion.h; path = libs/CocosDenshion/CocosDenshion.h; sourceTree = "<group>"; };
		BF8F8BE215CFABD1005BC5A9 /* CocosDenshion.m */ = {isa = PBXFileReference; lastKnownFileType = sourcecode.c.objc; name = CocosDenshion.m; path = libs/CocosDenshion/CocosDenshion.m; sourceTree = "<group>"; };
		BF8F8BE415CFABD1005BC5A9 /* SimpleAudioEngine.h */ = {isa = PBXFileReference; name = SimpleAudioEngine.h; path = libs/CocosDenshion/SimpleAudioEngine.h; sourceTree = "<group>"; };
		BF8F8BE515CFABD1005BC5A9 /* SimpleAudioEngine.m */ = {isa = PBXFileReference; lastKnownFileType = sourcecode.c.objc; name = SimpleAudioEngine.m; path = libs/CocosDenshion/SimpleAudioEngine.m; sourceTree = "<group>"; };
		BF8F8BE715CFABD1005BC5A9 /* LICENSE_CocosDenshion.txt */ = {isa = PBXFileReference; name = LICENSE_CocosDenshion.txt; path = libs/LICENSE_CocosDenshion.txt; sourceTree = "<group>"; };
		BF8F8BE915CFABD1005BC5A9 /* CLScoreServerPost.h */ = {isa = PBXFileReference; name = CLScoreServerPost.h; path = libs/cocoslive/CLScoreServerPost.h; sourceTree = "<group>"; };
		BF8F8BEA15CFABD1005BC5A9 /* CLScoreServerPost.m */ = {isa = PBXFileReference; lastKnownFileType = sourcecode.c.objc; name = CLScoreServerPost.m; path = libs/cocoslive/CLScoreServerPost.m; sourceTree = "<group>"; };
		BF8F8BEC15CFABD1005BC5A9 /* CLScoreServerRequest.h */ = {isa = PBXFileReference; name = CLScoreServerRequest.h; path = libs/cocoslive/CLScoreServerRequest.h; sourceTree = "<group>"; };
		BF8F8BED15CFABD1005BC5A9 /* CLScoreServerRequest.m */ = {isa = PBXFileReference; lastKnownFileType = sourcecode.c.objc; name = CLScoreServerRequest.m; path = libs/cocoslive/CLScoreServerRequest.m; sourceTree = "<group>"; };
		BF8F8BEF15CFABD1005BC5A9 /* cocoslive.h */ = {isa = PBXFileReference; name = cocoslive.h; path = libs/cocoslive/cocoslive.h; sourceTree = "<group>"; };
		BF8F8BF015CFABD1005BC5A9 /* cocoslive.m */ = {isa = PBXFileReference; lastKnownFileType = sourcecode.c.objc; name = cocoslive.m; path = libs/cocoslive/cocoslive.m; sourceTree = "<group>"; };
		BF8F8BF215CFABD1005BC5A9 /* LICENSE_TouchJSON.txt */ = {isa = PBXFileReference; name = LICENSE_TouchJSON.txt; path = libs/LICENSE_TouchJSON.txt; sourceTree = "<group>"; };
		BF8F8BF415CFABD1005BC5A9 /* CDataScanner.h */ = {isa = PBXFileReference; name = CDataScanner.h; path = libs/TouchJSON/CDataScanner.h; sourceTree = "<group>"; };
		BF8F8BF515CFABD1005BC5A9 /* CDataScanner.m */ = {isa = PBXFileReference; lastKnownFileType = sourcecode.c.objc; name = CDataScanner.m; path = libs/TouchJSON/CDataScanner.m; sourceTree = "<group>"; };
		BF8F8BF815CFABD1005BC5A9 /* CDataScanner_Extensions.h */ = {isa = PBXFileReference; name = CDataScanner_Extensions.h; path = libs/TouchJSON/Extensions/CDataScanner_Extensions.h; sourceTree = "<group>"; };
		BF8F8BF915CFABD1005BC5A9 /* CDataScanner_Extensions.m */ = {isa = PBXFileReference; lastKnownFileType = sourcecode.c.objc; name = CDataScanner_Extensions.m; path = libs/TouchJSON/Extensions/CDataScanner_Extensions.m; sourceTree = "<group>"; };
		BF8F8BFB15CFABD1005BC5A9 /* NSDictionary_JSONExtensions.h */ = {isa = PBXFileReference; name = NSDictionary_JSONExtensions.h; path = libs/TouchJSON/Extensions/NSDictionary_JSONExtensions.h; sourceTree = "<group>"; };
		BF8F8BFC15CFABD1005BC5A9 /* NSDictionary_JSONExtensions.m */ = {isa = PBXFileReference; lastKnownFileType = sourcecode.c.objc; name = NSDictionary_JSONExtensions.m; path = libs/TouchJSON/Extensions/NSDictionary_JSONExtensions.m; sourceTree = "<group>"; };
		BF8F8BFF15CFABD1005BC5A9 /* CJSONDeserializer.h */ = {isa = PBXFileReference; name = CJSONDeserializer.h; path = libs/TouchJSON/JSON/CJSONDeserializer.h; sourceTree = "<group>"; };
		BF8F8C0015CFABD1005BC5A9 /* CJSONDeserializer.m */ = {isa = PBXFileReference; lastKnownFileType = sourcecode.c.objc; name = CJSONDeserializer.m; path = libs/TouchJSON/JSON/CJSONDeserializer.m; sourceTree = "<group>"; };
		BF8F8C0215CFABD1005BC5A9 /* CJSONScanner.h */ = {isa = PBXFileReference; name = CJSONScanner.h; path = libs/TouchJSON/JSON/CJSONScanner.h; sourceTree = "<group>"; };
		BF8F8C0315CFABD1005BC5A9 /* CJSONScanner.m */ = {isa = PBXFileReference; lastKnownFileType = sourcecode.c.objc; name = CJSONScanner.m; path = libs/TouchJSON/JSON/CJSONScanner.m; sourceTree = "<group>"; };
		BF8F8C0515CFABD1005BC5A9 /* CJSONSerializer.h */ = {isa = PBXFileReference; name = CJSONSerializer.h; path = libs/TouchJSON/JSON/CJSONSerializer.h; sourceTree = "<group>"; };
		BF8F8C0615CFABD1005BC5A9 /* CJSONSerializer.m */ = {isa = PBXFileReference; lastKnownFileType = sourcecode.c.objc; name = CJSONSerializer.m; path = libs/TouchJSON/JSON/CJSONSerializer.m; sourceTree = "<group>"; };
		BF8F8C0815CFABD1005BC5A9 /* JSONRepresentation.h */ = {isa = PBXFileReference; name = JSONRepresentation.h; path = libs/TouchJSON/JSON/JSONRepresentation.h; sourceTree = "<group>"; };
		BF8F8C0A15CFABD1005BC5A9 /* FontLabel.h */ = {isa = PBXFileReference; name = FontLabel.h; path = libs/FontLabel/FontLabel.h; sourceTree = "<group>"; };
		BF8F8C0B15CFABD1005BC5A9 /* FontLabel.m */ = {isa = PBXFileReference; lastKnownFileType = sourcecode.c.objc; name = FontLabel.m; path = libs/FontLabel/FontLabel.m; sourceTree = "<group>"; };
		BF8F8C0D15CFABD1005BC5A9 /* FontLabelStringDrawing.h */ = {isa = PBXFileReference; name = FontLabelStringDrawing.h; path = libs/FontLabel/FontLabelStringDrawing.h; sourceTree = "<group>"; };
		BF8F8C0E15CFABD1005BC5A9 /* FontLabelStringDrawing.m */ = {isa = PBXFileReference; lastKnownFileType = sourcecode.c.objc; name = FontLabelStringDrawing.m; path = libs/FontLabel/FontLabelStringDrawing.m; sourceTree = "<group>"; };
		BF8F8C1015CFABD1005BC5A9 /* FontManager.h */ = {isa = PBXFileReference; name = FontManager.h; path = libs/FontLabel/FontManager.h; sourceTree = "<group>"; };
		BF8F8C1115CFABD1005BC5A9 /* FontManager.m */ = {isa = PBXFileReference; lastKnownFileType = sourcecode.c.objc; name = FontManager.m; path = libs/FontLabel/FontManager.m; sourceTree = "<group>"; };
		BF8F8C1315CFABD1005BC5A9 /* ZAttributedString.h */ = {isa = PBXFileReference; name = ZAttributedString.h; path = libs/FontLabel/ZAttributedString.h; sourceTree = "<group>"; };
		BF8F8C1415CFABD1005BC5A9 /* ZAttributedString.m */ = {isa = PBXFileReference; lastKnownFileType = sourcecode.c.objc; name = ZAttributedString.m; path = libs/FontLabel/ZAttributedString.m; sourceTree = "<group>"; };
		BF8F8C1615CFABD1005BC5A9 /* ZAttributedStringPrivate.h */ = {isa = PBXFileReference; name = ZAttributedStringPrivate.h; path = libs/FontLabel/ZAttributedStringPrivate.h; sourceTree = "<group>"; };
		BF8F8C1715CFABD1005BC5A9 /* ZFont.h */ = {isa = PBXFileReference; name = ZFont.h; path = libs/FontLabel/ZFont.h; sourceTree = "<group>"; };
		BF8F8C1815CFABD1005BC5A9 /* ZFont.m */ = {isa = PBXFileReference; lastKnownFileType = sourcecode.c.objc; name = ZFont.m; path = libs/FontLabel/ZFont.m; sourceTree = "<group>"; };
		BF8F8C1A15CFABD1005BC5A9 /* LICENSE_FontLabel.txt */ = {isa = PBXFileReference; name = LICENSE_FontLabel.txt; path = libs/LICENSE_FontLabel.txt; sourceTree = "<group>"; };
		BF8F8C1C15CFABD1005BC5A9 /* Prefix.pch */ = {isa = PBXFileReference; path = Prefix.pch; sourceTree = "<group>"; };
		BF8F8C1D15CFABD1005BC5A9 /* main.m */ = {isa = PBXFileReference; lastKnownFileType = sourcecode.c.objc; path = main.m; sourceTree = "<group>"; };
		BF8F8C1F15CFABD1005BC5A9 /* AppDelegate.h */ = {isa = PBXFileReference; path = AppDelegate.h; sourceTree = "<group>"; };
		BF8F8C2015CFABD1005BC5A9 /* AppDelegate.m */ = {isa = PBXFileReference; lastKnownFileType = sourcecode.c.objc; path = AppDelegate.m; sourceTree = "<group>"; };
		BF8F8C2215CFABD1005BC5A9 /* RootViewController.h */ = {isa = PBXFileReference; path = RootViewController.h; sourceTree = "<group>"; };
		BF8F8C2315CFABD1005BC5A9 /* RootViewController.m */ = {isa = PBXFileReference; lastKnownFileType = sourcecode.c.objc; path = RootViewController.m; sourceTree = "<group>"; };
		BF8F8C2515CFABD1005BC5A9 /* HelloWorldLayer.h */ = {isa = PBXFileReference; path = HelloWorldLayer.h; sourceTree = "<group>"; };
		BF8F8C2615CFABD1005BC5A9 /* HelloWorldLayer.m */ = {isa = PBXFileReference; lastKnownFileType = sourcecode.c.objc; path = HelloWorldLayer.m; sourceTree = "<group>"; };
		BF8F8C2815CFABD1005BC5A9 /* GameConfig.h */ = {isa = PBXFileReference; path = GameConfig.h; sourceTree = "<group>"; };
/* End PBXFileReference section */

/* Begin PBXFrameworksBuildPhase section */
		BF8F8AB615CFABCF005BC5A9 /* Frameworks */ = {
			isa = PBXFrameworksBuildPhase;
			buildActionMask = 2147483647;
			files = (
				BF8F8ABE15CFABCF005BC5A9 /* QuartzCore.framework in Frameworks */,
				BF8F8AC015CFABCF005BC5A9 /* OpenGLES.framework in Frameworks */,
				BF8F8AC215CFABCF005BC5A9 /* OpenAL.framework in Frameworks */,
				BF8F8AC415CFABCF005BC5A9 /* AudioToolbox.framework in Frameworks */,
				BF8F8AC615CFABCF005BC5A9 /* AVFoundation.framework in Frameworks */,
				BF8F8AC815CFABCF005BC5A9 /* UIKit.framework in Frameworks */,
				BF8F8ACA15CFABCF005BC5A9 /* Foundation.framework in Frameworks */,
				BF8F8ACC15CFABCF005BC5A9 /* CoreGraphics.framework in Frameworks */,
			);
			runOnlyForDeploymentPostprocessing = 0;
		};
/* End PBXFrameworksBuildPhase section */

/* Begin PBXGroup section */
		BF8F8AAE15CFABCF005BC5A9 = {
			isa = PBXGroup;
			children = (
				BF8F8ACD15CFABCF005BC5A9 /* KORGA */,
				BF8F8ABC15CFABCF005BC5A9 /* Frameworks */,
				BF8F8ABA15CFABCF005BC5A9 /* Products */,
			);
			sourceTree = "<group>";
		};
		BF8F8ABA15CFABCF005BC5A9 /* Products */ = {
			isa = PBXGroup;
			children = (
				BF8F8AB915CFABCF005BC5A9 /* KORGA.app */,
			);
			name = Products;
			sourceTree = "<group>";
		};
		BF8F8ABC15CFABCF005BC5A9 /* Frameworks */ = {
			isa = PBXGroup;
			children = (
				BF8F8ABD15CFABCF005BC5A9 /* QuartzCore.framework */,
				BF8F8ABF15CFABCF005BC5A9 /* OpenGLES.framework */,
				BF8F8AC115CFABCF005BC5A9 /* OpenAL.framework */,
				BF8F8AC315CFABCF005BC5A9 /* AudioToolbox.framework */,
				BF8F8AC515CFABCF005BC5A9 /* AVFoundation.framework */,
				BF8F8AC715CFABCF005BC5A9 /* UIKit.framework */,
				BF8F8AC915CFABCF005BC5A9 /* Foundation.framework */,
				BF8F8ACB15CFABCF005BC5A9 /* CoreGraphics.framework */,
			);
			name = Frameworks;
			sourceTree = "<group>";
		};
		BF8F8ACD15CFABCF005BC5A9 /* KORGA */ = {
			isa = PBXGroup;
			children = (
				BF8F8C1F15CFABD1005BC5A9 /* AppDelegate.h */,
				BF8F8C2015CFABD1005BC5A9 /* AppDelegate.m */,
				BF8F8C2215CFABD1005BC5A9 /* RootViewController.h */,
				BF8F8C2315CFABD1005BC5A9 /* RootViewController.m */,
				BF8F8C2515CFABD1005BC5A9 /* HelloWorldLayer.h */,
				BF8F8C2615CFABD1005BC5A9 /* HelloWorldLayer.m */,
				BF8F8C2815CFABD1005BC5A9 /* GameConfig.h */,
				BF8F8ACE15CFABCF005BC5A9 /* Resources */,
				BF8F8AE215CFABCF005BC5A9 /* libs */,
				BF8F8C1B15CFABD1005BC5A9 /* Supporting Files */,
			);
			path = KORGA;
			sourceTree = "<group>";
		};
		BF8F8ACE15CFABCF005BC5A9 /* Resources */ = {
			isa = PBXGroup;
			children = (
				BF8F8ACF15CFABCF005BC5A9 /* Default.png */,
				BF8F8AD115CFABCF005BC5A9 /* fps_images.png */,
				BF8F8AD315CFABCF005BC5A9 /* Icon-72.png */,
				BF8F8AD515CFABCF005BC5A9 /* Icon-Small-50.png */,
				BF8F8AD715CFABCF005BC5A9 /* Icon-Small.png */,
				BF8F8AD915CFABCF005BC5A9 /* Icon-Small@2x.png */,
				BF8F8ADB15CFABCF005BC5A9 /* Icon.png */,
				BF8F8ADD15CFABCF005BC5A9 /* Icon@2x.png */,
				BF8F8ADF15CFABCF005BC5A9 /* Info.plist */,
				BF8F8AE015CFABCF005BC5A9 /* iTunesArtwork */,
			);
			name = Resources;
			sourceTree = "<group>";
		};
		BF8F8AE215CFABCF005BC5A9 /* libs */ = {
			isa = PBXGroup;
			children = (
				BF8F8BD815CFABD0005BC5A9 /* LICENSE_cocos2d.txt */,
				BF8F8BE715CFABD1005BC5A9 /* LICENSE_CocosDenshion.txt */,
				BF8F8BF215CFABD1005BC5A9 /* LICENSE_TouchJSON.txt */,
				BF8F8C1A15CFABD1005BC5A9 /* LICENSE_FontLabel.txt */,
				BF8F8AE315CFABCF005BC5A9 /* cocos2d */,
				BF8F8BD915CFABD0005BC5A9 /* CocosDenshion */,
				BF8F8BE815CFABD1005BC5A9 /* cocoslive */,
				BF8F8BF315CFABD1005BC5A9 /* TouchJSON */,
				BF8F8C0915CFABD1005BC5A9 /* FontLabel */,
			);
			name = libs;
			sourceTree = "<group>";
		};
		BF8F8AE315CFABCF005BC5A9 /* cocos2d */ = {
			isa = PBXGroup;
			children = (
				BF8F8AE415CFABCF005BC5A9 /* CCAction.h */,
				BF8F8AE515CFABCF005BC5A9 /* CCAction.m */,
				BF8F8AE715CFABCF005BC5A9 /* CCActionCamera.h */,
				BF8F8AE815CFABCF005BC5A9 /* CCActionCamera.m */,
				BF8F8AEA15CFABCF005BC5A9 /* CCActionEase.h */,
				BF8F8AEB15CFABCF005BC5A9 /* CCActionEase.m */,
				BF8F8AED15CFABCF005BC5A9 /* CCActionGrid.h */,
				BF8F8AEE15CFABCF005BC5A9 /* CCActionGrid.m */,
				BF8F8AF015CFABCF005BC5A9 /* CCActionGrid3D.h */,
				BF8F8AF115CFABCF005BC5A9 /* CCActionGrid3D.m */,
				BF8F8AF315CFABCF005BC5A9 /* CCActionInstant.h */,
				BF8F8AF415CFABCF005BC5A9 /* CCActionInstant.m */,
				BF8F8AF615CFABCF005BC5A9 /* CCActionInterval.h */,
				BF8F8AF715CFABCF005BC5A9 /* CCActionInterval.m */,
				BF8F8AF915CFABCF005BC5A9 /* CCActionManager.h */,
				BF8F8AFA15CFABCF005BC5A9 /* CCActionManager.m */,
				BF8F8AFC15CFABCF005BC5A9 /* CCActionPageTurn3D.h */,
				BF8F8AFD15CFABCF005BC5A9 /* CCActionPageTurn3D.m */,
				BF8F8AFF15CFABCF005BC5A9 /* CCActionProgressTimer.h */,
				BF8F8B0015CFABCF005BC5A9 /* CCActionProgressTimer.m */,
				BF8F8B0215CFABCF005BC5A9 /* CCActionTiledGrid.h */,
				BF8F8B0315CFABCF005BC5A9 /* CCActionTiledGrid.m */,
				BF8F8B0515CFABCF005BC5A9 /* CCActionTween.h */,
				BF8F8B0615CFABCF005BC5A9 /* CCActionTween.m */,
				BF8F8B0815CFABCF005BC5A9 /* CCAnimation.h */,
				BF8F8B0915CFABCF005BC5A9 /* CCAnimation.m */,
				BF8F8B0B15CFABCF005BC5A9 /* CCAnimationCache.h */,
				BF8F8B0C15CFABCF005BC5A9 /* CCAnimationCache.m */,
				BF8F8B0E15CFABCF005BC5A9 /* CCAtlasNode.h */,
				BF8F8B0F15CFABCF005BC5A9 /* CCAtlasNode.m */,
				BF8F8B1115CFABCF005BC5A9 /* CCBlockSupport.h */,
				BF8F8B1215CFABCF005BC5A9 /* CCBlockSupport.m */,
				BF8F8B1415CFABCF005BC5A9 /* CCCamera.h */,
				BF8F8B1515CFABCF005BC5A9 /* CCCamera.m */,
				BF8F8B1715CFABCF005BC5A9 /* ccConfig.h */,
				BF8F8B1815CFABCF005BC5A9 /* CCConfiguration.h */,
				BF8F8B1915CFABCF005BC5A9 /* CCConfiguration.m */,
				BF8F8B1B15CFABCF005BC5A9 /* CCDirector.h */,
				BF8F8B1C15CFABCF005BC5A9 /* CCDirector.m */,
				BF8F8B1E15CFABCF005BC5A9 /* CCDrawingPrimitives.h */,
				BF8F8B1F15CFABCF005BC5A9 /* CCDrawingPrimitives.m */,
				BF8F8B2115CFABCF005BC5A9 /* CCGrabber.h */,
				BF8F8B2215CFABCF005BC5A9 /* CCGrabber.m */,
				BF8F8B2415CFABCF005BC5A9 /* CCGrid.h */,
				BF8F8B2515CFABD0005BC5A9 /* CCGrid.m */,
				BF8F8B2715CFABD0005BC5A9 /* CCLabelAtlas.h */,
				BF8F8B2815CFABD0005BC5A9 /* CCLabelAtlas.m */,
				BF8F8B2A15CFABD0005BC5A9 /* CCLabelBMFont.h */,
				BF8F8B2B15CFABD0005BC5A9 /* CCLabelBMFont.m */,
				BF8F8B2D15CFABD0005BC5A9 /* CCLabelTTF.h */,
				BF8F8B2E15CFABD0005BC5A9 /* CCLabelTTF.m */,
				BF8F8B3015CFABD0005BC5A9 /* CCLayer.h */,
				BF8F8B3115CFABD0005BC5A9 /* CCLayer.m */,
				BF8F8B3315CFABD0005BC5A9 /* ccMacros.h */,
				BF8F8B3415CFABD0005BC5A9 /* CCMenu.h */,
				BF8F8B3515CFABD0005BC5A9 /* CCMenu.m */,
				BF8F8B3715CFABD0005BC5A9 /* CCMenuItem.h */,
				BF8F8B3815CFABD0005BC5A9 /* CCMenuItem.m */,
				BF8F8B3A15CFABD0005BC5A9 /* CCMotionStreak.h */,
				BF8F8B3B15CFABD0005BC5A9 /* CCMotionStreak.m */,
				BF8F8B3D15CFABD0005BC5A9 /* CCNode.h */,
				BF8F8B3E15CFABD0005BC5A9 /* CCNode.m */,
				BF8F8B4015CFABD0005BC5A9 /* CCParallaxNode.h */,
				BF8F8B4115CFABD0005BC5A9 /* CCParallaxNode.m */,
				BF8F8B4315CFABD0005BC5A9 /* CCParticleExamples.h */,
				BF8F8B4415CFABD0005BC5A9 /* CCParticleExamples.m */,
				BF8F8B4615CFABD0005BC5A9 /* CCParticleSystem.h */,
				BF8F8B4715CFABD0005BC5A9 /* CCParticleSystem.m */,
				BF8F8B4915CFABD0005BC5A9 /* CCParticleSystemPoint.h */,
				BF8F8B4A15CFABD0005BC5A9 /* CCParticleSystemPoint.m */,
				BF8F8B4C15CFABD0005BC5A9 /* CCParticleSystemQuad.h */,
				BF8F8B4D15CFABD0005BC5A9 /* CCParticleSystemQuad.m */,
				BF8F8B4F15CFABD0005BC5A9 /* CCProgressTimer.h */,
				BF8F8B5015CFABD0005BC5A9 /* CCProgressTimer.m */,
				BF8F8B5215CFABD0005BC5A9 /* CCProtocols.h */,
				BF8F8B5315CFABD0005BC5A9 /* CCRenderTexture.h */,
				BF8F8B5415CFABD0005BC5A9 /* CCRenderTexture.m */,
				BF8F8B5615CFABD0005BC5A9 /* CCRibbon.h */,
				BF8F8B5715CFABD0005BC5A9 /* CCRibbon.m */,
				BF8F8B5915CFABD0005BC5A9 /* CCScene.h */,
				BF8F8B5A15CFABD0005BC5A9 /* CCScene.m */,
				BF8F8B5C15CFABD0005BC5A9 /* CCScheduler.h */,
				BF8F8B5D15CFABD0005BC5A9 /* CCScheduler.m */,
				BF8F8B5F15CFABD0005BC5A9 /* CCSprite.h */,
				BF8F8B6015CFABD0005BC5A9 /* CCSprite.m */,
				BF8F8B6215CFABD0005BC5A9 /* CCSpriteBatchNode.h */,
				BF8F8B6315CFABD0005BC5A9 /* CCSpriteBatchNode.m */,
				BF8F8B6515CFABD0005BC5A9 /* CCSpriteFrame.h */,
				BF8F8B6615CFABD0005BC5A9 /* CCSpriteFrame.m */,
				BF8F8B6815CFABD0005BC5A9 /* CCSpriteFrameCache.h */,
				BF8F8B6915CFABD0005BC5A9 /* CCSpriteFrameCache.m */,
				BF8F8B6B15CFABD0005BC5A9 /* CCTexture2D.h */,
				BF8F8B6C15CFABD0005BC5A9 /* CCTexture2D.m */,
				BF8F8B6E15CFABD0005BC5A9 /* CCTextureAtlas.h */,
				BF8F8B6F15CFABD0005BC5A9 /* CCTextureAtlas.m */,
				BF8F8B7115CFABD0005BC5A9 /* CCTextureCache.h */,
				BF8F8B7215CFABD0005BC5A9 /* CCTextureCache.m */,
				BF8F8B7415CFABD0005BC5A9 /* CCTexturePVR.h */,
				BF8F8B7515CFABD0005BC5A9 /* CCTexturePVR.m */,
				BF8F8B7715CFABD0005BC5A9 /* CCTileMapAtlas.h */,
				BF8F8B7815CFABD0005BC5A9 /* CCTileMapAtlas.m */,
				BF8F8B7A15CFABD0005BC5A9 /* CCTMXLayer.h */,
				BF8F8B7B15CFABD0005BC5A9 /* CCTMXLayer.m */,
				BF8F8B7D15CFABD0005BC5A9 /* CCTMXObjectGroup.h */,
				BF8F8B7E15CFABD0005BC5A9 /* CCTMXObjectGroup.m */,
				BF8F8B8015CFABD0005BC5A9 /* CCTMXTiledMap.h */,
				BF8F8B8115CFABD0005BC5A9 /* CCTMXTiledMap.m */,
				BF8F8B8315CFABD0005BC5A9 /* CCTMXXMLParser.h */,
				BF8F8B8415CFABD0005BC5A9 /* CCTMXXMLParser.m */,
				BF8F8B8615CFABD0005BC5A9 /* CCTransition.h */,
				BF8F8B8715CFABD0005BC5A9 /* CCTransition.m */,
				BF8F8B8915CFABD0005BC5A9 /* CCTransitionPageTurn.h */,
				BF8F8B8A15CFABD0005BC5A9 /* CCTransitionPageTurn.m */,
				BF8F8B8C15CFABD0005BC5A9 /* CCTransitionRadial.h */,
				BF8F8B8D15CFABD0005BC5A9 /* CCTransitionRadial.m */,
				BF8F8B8F15CFABD0005BC5A9 /* ccTypes.h */,
				BF8F8B9015CFABD0005BC5A9 /* cocos2d.h */,
				BF8F8B9115CFABD0005BC5A9 /* cocos2d.m */,
				BF8F8B9315CFABD0005BC5A9 /* Platforms */,
				BF8F8BB815CFABD0005BC5A9 /* Support */,
			);
			name = cocos2d;
			sourceTree = "<group>";
		};
		BF8F8B9315CFABD0005BC5A9 /* Platforms */ = {
			isa = PBXGroup;
			children = (
				BF8F8B9415CFABD0005BC5A9 /* CCGL.h */,
				BF8F8B9515CFABD0005BC5A9 /* CCNS.h */,
				BF8F8B9615CFABD0005BC5A9 /* iOS */,
				BF8F8BAB15CFABD0005BC5A9 /* Mac */,
			);
			name = Platforms;
			sourceTree = "<group>";
		};
		BF8F8B9615CFABD0005BC5A9 /* iOS */ = {
			isa = PBXGroup;
			children = (
				BF8F8B9715CFABD0005BC5A9 /* CCDirectorIOS.h */,
				BF8F8B9815CFABD0005BC5A9 /* CCDirectorIOS.m */,
				BF8F8B9A15CFABD0005BC5A9 /* CCTouchDelegateProtocol.h */,
				BF8F8B9B15CFABD0005BC5A9 /* CCTouchDispatcher.h */,
				BF8F8B9C15CFABD0005BC5A9 /* CCTouchDispatcher.m */,
				BF8F8B9E15CFABD0005BC5A9 /* CCTouchHandler.h */,
				BF8F8B9F15CFABD0005BC5A9 /* CCTouchHandler.m */,
				BF8F8BA115CFABD0005BC5A9 /* EAGLView.h */,
				BF8F8BA215CFABD0005BC5A9 /* EAGLView.m */,
				BF8F8BA415CFABD0005BC5A9 /* ES1Renderer.h */,
				BF8F8BA515CFABD0005BC5A9 /* ES1Renderer.m */,
				BF8F8BA715CFABD0005BC5A9 /* ESRenderer.h */,
				BF8F8BA815CFABD0005BC5A9 /* glu.c */,
				BF8F8BAA15CFABD0005BC5A9 /* glu.h */,
			);
			name = iOS;
			sourceTree = "<group>";
		};
		BF8F8BAB15CFABD0005BC5A9 /* Mac */ = {
			isa = PBXGroup;
			children = (
				BF8F8BAC15CFABD0005BC5A9 /* CCDirectorMac.h */,
				BF8F8BAD15CFABD0005BC5A9 /* CCDirectorMac.m */,
				BF8F8BAF15CFABD0005BC5A9 /* CCEventDispatcher.h */,
				BF8F8BB015CFABD0005BC5A9 /* CCEventDispatcher.m */,
				BF8F8BB215CFABD0005BC5A9 /* MacGLView.h */,
				BF8F8BB315CFABD0005BC5A9 /* MacGLView.m */,
				BF8F8BB515CFABD0005BC5A9 /* MacWindow.h */,
				BF8F8BB615CFABD0005BC5A9 /* MacWindow.m */,
			);
			name = Mac;
			sourceTree = "<group>";
		};
		BF8F8BB815CFABD0005BC5A9 /* Support */ = {
			isa = PBXGroup;
			children = (
				BF8F8BB915CFABD0005BC5A9 /* base64.c */,
				BF8F8BBB15CFABD0005BC5A9 /* base64.h */,
				BF8F8BBC15CFABD0005BC5A9 /* CCArray.h */,
				BF8F8BBD15CFABD0005BC5A9 /* CCArray.m */,
				BF8F8BBF15CFABD0005BC5A9 /* ccCArray.h */,
				BF8F8BC015CFABD0005BC5A9 /* CCFileUtils.h */,
				BF8F8BC115CFABD0005BC5A9 /* CCFileUtils.m */,
				BF8F8BC315CFABD0005BC5A9 /* CCProfiling.h */,
				BF8F8BC415CFABD0005BC5A9 /* CCProfiling.m */,
				BF8F8BC615CFABD0005BC5A9 /* ccUtils.c */,
				BF8F8BC815CFABD0005BC5A9 /* ccUtils.h */,
				BF8F8BC915CFABD0005BC5A9 /* CGPointExtension.h */,
				BF8F8BCA15CFABD0005BC5A9 /* CGPointExtension.m */,
				BF8F8BCC15CFABD0005BC5A9 /* OpenGL_Internal.h */,
				BF8F8BCD15CFABD0005BC5A9 /* TGAlib.h */,
				BF8F8BCE15CFABD0005BC5A9 /* TGAlib.m */,
				BF8F8BD015CFABD0005BC5A9 /* TransformUtils.h */,
				BF8F8BD115CFABD0005BC5A9 /* TransformUtils.m */,
				BF8F8BD315CFABD0005BC5A9 /* uthash.h */,
				BF8F8BD415CFABD0005BC5A9 /* utlist.h */,
				BF8F8BD515CFABD0005BC5A9 /* ZipUtils.h */,
				BF8F8BD615CFABD0005BC5A9 /* ZipUtils.m */,
			);
			name = Support;
			sourceTree = "<group>";
		};
		BF8F8BD915CFABD0005BC5A9 /* CocosDenshion */ = {
			isa = PBXGroup;
			children = (
				BF8F8BDA15CFABD0005BC5A9 /* CDAudioManager.h */,
				BF8F8BDB15CFABD0005BC5A9 /* CDAudioManager.m */,
				BF8F8BDD15CFABD0005BC5A9 /* CDConfig.h */,
				BF8F8BDE15CFABD0005BC5A9 /* CDOpenALSupport.h */,
				BF8F8BDF15CFABD0005BC5A9 /* CDOpenALSupport.m */,
				BF8F8BE115CFABD0005BC5A9 /* CocosDenshion.h */,
				BF8F8BE215CFABD1005BC5A9 /* CocosDenshion.m */,
				BF8F8BE415CFABD1005BC5A9 /* SimpleAudioEngine.h */,
				BF8F8BE515CFABD1005BC5A9 /* SimpleAudioEngine.m */,
			);
			name = CocosDenshion;
			sourceTree = "<group>";
		};
		BF8F8BE815CFABD1005BC5A9 /* cocoslive */ = {
			isa = PBXGroup;
			children = (
				BF8F8BE915CFABD1005BC5A9 /* CLScoreServerPost.h */,
				BF8F8BEA15CFABD1005BC5A9 /* CLScoreServerPost.m */,
				BF8F8BEC15CFABD1005BC5A9 /* CLScoreServerRequest.h */,
				BF8F8BED15CFABD1005BC5A9 /* CLScoreServerRequest.m */,
				BF8F8BEF15CFABD1005BC5A9 /* cocoslive.h */,
				BF8F8BF015CFABD1005BC5A9 /* cocoslive.m */,
			);
			name = cocoslive;
			sourceTree = "<group>";
		};
		BF8F8BF315CFABD1005BC5A9 /* TouchJSON */ = {
			isa = PBXGroup;
			children = (
				BF8F8BF415CFABD1005BC5A9 /* CDataScanner.h */,
				BF8F8BF515CFABD1005BC5A9 /* CDataScanner.m */,
				BF8F8BF715CFABD1005BC5A9 /* Extensions */,
				BF8F8BFE15CFABD1005BC5A9 /* JSON */,
			);
			name = TouchJSON;
			sourceTree = "<group>";
		};
		BF8F8BF715CFABD1005BC5A9 /* Extensions */ = {
			isa = PBXGroup;
			children = (
				BF8F8BF815CFABD1005BC5A9 /* CDataScanner_Extensions.h */,
				BF8F8BF915CFABD1005BC5A9 /* CDataScanner_Extensions.m */,
				BF8F8BFB15CFABD1005BC5A9 /* NSDictionary_JSONExtensions.h */,
				BF8F8BFC15CFABD1005BC5A9 /* NSDictionary_JSONExtensions.m */,
			);
			name = Extensions;
			sourceTree = "<group>";
		};
		BF8F8BFE15CFABD1005BC5A9 /* JSON */ = {
			isa = PBXGroup;
			children = (
				BF8F8BFF15CFABD1005BC5A9 /* CJSONDeserializer.h */,
				BF8F8C0015CFABD1005BC5A9 /* CJSONDeserializer.m */,
				BF8F8C0215CFABD1005BC5A9 /* CJSONScanner.h */,
				BF8F8C0315CFABD1005BC5A9 /* CJSONScanner.m */,
				BF8F8C0515CFABD1005BC5A9 /* CJSONSerializer.h */,
				BF8F8C0615CFABD1005BC5A9 /* CJSONSerializer.m */,
				BF8F8C0815CFABD1005BC5A9 /* JSONRepresentation.h */,
			);
			name = JSON;
			sourceTree = "<group>";
		};
		BF8F8C0915CFABD1005BC5A9 /* FontLabel */ = {
			isa = PBXGroup;
			children = (
				BF8F8C0A15CFABD1005BC5A9 /* FontLabel.h */,
				BF8F8C0B15CFABD1005BC5A9 /* FontLabel.m */,
				BF8F8C0D15CFABD1005BC5A9 /* FontLabelStringDrawing.h */,
				BF8F8C0E15CFABD1005BC5A9 /* FontLabelStringDrawing.m */,
				BF8F8C1015CFABD1005BC5A9 /* FontManager.h */,
				BF8F8C1115CFABD1005BC5A9 /* FontManager.m */,
				BF8F8C1315CFABD1005BC5A9 /* ZAttributedString.h */,
				BF8F8C1415CFABD1005BC5A9 /* ZAttributedString.m */,
				BF8F8C1615CFABD1005BC5A9 /* ZAttributedStringPrivate.h */,
				BF8F8C1715CFABD1005BC5A9 /* ZFont.h */,
				BF8F8C1815CFABD1005BC5A9 /* ZFont.m */,
			);
			name = FontLabel;
			sourceTree = "<group>";
		};
		BF8F8C1B15CFABD1005BC5A9 /* Supporting Files */ = {
			isa = PBXGroup;
			children = (
				BF8F8C1C15CFABD1005BC5A9 /* Prefix.pch */,
				BF8F8C1D15CFABD1005BC5A9 /* main.m */,
			);
			name = "Supporting Files";
			sourceTree = "<group>";
		};
/* End PBXGroup section */

/* Begin PBXNativeTarget section */
		BF8F8AB815CFABCF005BC5A9 /* KORGA */ = {
			isa = PBXNativeTarget;
			buildConfigurationList = BF8F8C2B15CFABD1005BC5A9 /* Build configuration list for PBXNativeTarget "KORGA" */;
			buildPhases = (
				BF8F8AB515CFABCF005BC5A9 /* Sources */,
				BF8F8AB615CFABCF005BC5A9 /* Frameworks */,
				BF8F8AB715CFABCF005BC5A9 /* Resources */,
			);
			buildRules = (
			);
			dependencies = (
			);
			name = KORGA;
			productName = KORGA;
			productReference = BF8F8AB915CFABCF005BC5A9 /* KORGA.app */;
			productType = "com.apple.product-type.application";
		};
/* End PBXNativeTarget section */

/* Begin PBXProject section */
		BF8F8AB015CFABCF005BC5A9 /* Project object */ = {
			isa = PBXProject;
			attributes = {
				LastUpgradeCheck = 0430;
			};
			buildConfigurationList = BF8F8AB315CFABCF005BC5A9 /* Build configuration list for PBXProject "KORGA" */;
			compatibilityVersion = "Xcode 3.2";
			developmentRegion = English;
			hasScannedForEncodings = 0;
			knownRegions = (
				en,
			);
			mainGroup = BF8F8AAE15CFABCF005BC5A9;
			productRefGroup = BF8F8ABA15CFABCF005BC5A9 /* Products */;
			projectDirPath = "";
			projectRoot = "";
			targets = (
				BF8F8AB815CFABCF005BC5A9 /* KORGA */,
			);
		};
/* End PBXProject section */

/* Begin PBXResourcesBuildPhase section */
		BF8F8AB715CFABCF005BC5A9 /* Resources */ = {
			isa = PBXResourcesBuildPhase;
			buildActionMask = 2147483647;
			files = (
				BF8F8AD015CFABCF005BC5A9 /* Default.png in Resources */,
				BF8F8AD215CFABCF005BC5A9 /* fps_images.png in Resources */,
				BF8F8AD415CFABCF005BC5A9 /* Icon-72.png in Resources */,
				BF8F8AD615CFABCF005BC5A9 /* Icon-Small-50.png in Resources */,
				BF8F8AD815CFABCF005BC5A9 /* Icon-Small.png in Resources */,
				BF8F8ADA15CFABCF005BC5A9 /* Icon-Small@2x.png in Resources */,
				BF8F8ADC15CFABCF005BC5A9 /* Icon.png in Resources */,
				BF8F8ADE15CFABCF005BC5A9 /* Icon@2x.png in Resources */,
				BF8F8AE115CFABCF005BC5A9 /* iTunesArtwork in Resources */,
			);
			runOnlyForDeploymentPostprocessing = 0;
		};
/* End PBXResourcesBuildPhase section */

/* Begin PBXSourcesBuildPhase section */
		BF8F8AB515CFABCF005BC5A9 /* Sources */ = {
			isa = PBXSourcesBuildPhase;
			buildActionMask = 2147483647;
			files = (
				BF8F8AE615CFABCF005BC5A9 /* CCAction.m in Sources */,
				BF8F8AE915CFABCF005BC5A9 /* CCActionCamera.m in Sources */,
				BF8F8AEC15CFABCF005BC5A9 /* CCActionEase.m in Sources */,
				BF8F8AEF15CFABCF005BC5A9 /* CCActionGrid.m in Sources */,
				BF8F8AF215CFABCF005BC5A9 /* CCActionGrid3D.m in Sources */,
				BF8F8AF515CFABCF005BC5A9 /* CCActionInstant.m in Sources */,
				BF8F8AF815CFABCF005BC5A9 /* CCActionInterval.m in Sources */,
				BF8F8AFB15CFABCF005BC5A9 /* CCActionManager.m in Sources */,
				BF8F8AFE15CFABCF005BC5A9 /* CCActionPageTurn3D.m in Sources */,
				BF8F8B0115CFABCF005BC5A9 /* CCActionProgressTimer.m in Sources */,
				BF8F8B0415CFABCF005BC5A9 /* CCActionTiledGrid.m in Sources */,
				BF8F8B0715CFABCF005BC5A9 /* CCActionTween.m in Sources */,
				BF8F8B0A15CFABCF005BC5A9 /* CCAnimation.m in Sources */,
				BF8F8B0D15CFABCF005BC5A9 /* CCAnimationCache.m in Sources */,
				BF8F8B1015CFABCF005BC5A9 /* CCAtlasNode.m in Sources */,
				BF8F8B1315CFABCF005BC5A9 /* CCBlockSupport.m in Sources */,
				BF8F8B1615CFABCF005BC5A9 /* CCCamera.m in Sources */,
				BF8F8B1A15CFABCF005BC5A9 /* CCConfiguration.m in Sources */,
				BF8F8B1D15CFABCF005BC5A9 /* CCDirector.m in Sources */,
				BF8F8B2015CFABCF005BC5A9 /* CCDrawingPrimitives.m in Sources */,
				BF8F8B2315CFABCF005BC5A9 /* CCGrabber.m in Sources */,
				BF8F8B2615CFABD0005BC5A9 /* CCGrid.m in Sources */,
				BF8F8B2915CFABD0005BC5A9 /* CCLabelAtlas.m in Sources */,
				BF8F8B2C15CFABD0005BC5A9 /* CCLabelBMFont.m in Sources */,
				BF8F8B2F15CFABD0005BC5A9 /* CCLabelTTF.m in Sources */,
				BF8F8B3215CFABD0005BC5A9 /* CCLayer.m in Sources */,
				BF8F8B3615CFABD0005BC5A9 /* CCMenu.m in Sources */,
				BF8F8B3915CFABD0005BC5A9 /* CCMenuItem.m in Sources */,
				BF8F8B3C15CFABD0005BC5A9 /* CCMotionStreak.m in Sources */,
				BF8F8B3F15CFABD0005BC5A9 /* CCNode.m in Sources */,
				BF8F8B4215CFABD0005BC5A9 /* CCParallaxNode.m in Sources */,
				BF8F8B4515CFABD0005BC5A9 /* CCParticleExamples.m in Sources */,
				BF8F8B4815CFABD0005BC5A9 /* CCParticleSystem.m in Sources */,
				BF8F8B4B15CFABD0005BC5A9 /* CCParticleSystemPoint.m in Sources */,
				BF8F8B4E15CFABD0005BC5A9 /* CCParticleSystemQuad.m in Sources */,
				BF8F8B5115CFABD0005BC5A9 /* CCProgressTimer.m in Sources */,
				BF8F8B5515CFABD0005BC5A9 /* CCRenderTexture.m in Sources */,
				BF8F8B5815CFABD0005BC5A9 /* CCRibbon.m in Sources */,
				BF8F8B5B15CFABD0005BC5A9 /* CCScene.m in Sources */,
				BF8F8B5E15CFABD0005BC5A9 /* CCScheduler.m in Sources */,
				BF8F8B6115CFABD0005BC5A9 /* CCSprite.m in Sources */,
				BF8F8B6415CFABD0005BC5A9 /* CCSpriteBatchNode.m in Sources */,
				BF8F8B6715CFABD0005BC5A9 /* CCSpriteFrame.m in Sources */,
				BF8F8B6A15CFABD0005BC5A9 /* CCSpriteFrameCache.m in Sources */,
				BF8F8B6D15CFABD0005BC5A9 /* CCTexture2D.m in Sources */,
				BF8F8B7015CFABD0005BC5A9 /* CCTextureAtlas.m in Sources */,
				BF8F8B7315CFABD0005BC5A9 /* CCTextureCache.m in Sources */,
				BF8F8B7615CFABD0005BC5A9 /* CCTexturePVR.m in Sources */,
				BF8F8B7915CFABD0005BC5A9 /* CCTileMapAtlas.m in Sources */,
				BF8F8B7C15CFABD0005BC5A9 /* CCTMXLayer.m in Sources */,
				BF8F8B7F15CFABD0005BC5A9 /* CCTMXObjectGroup.m in Sources */,
				BF8F8B8215CFABD0005BC5A9 /* CCTMXTiledMap.m in Sources */,
				BF8F8B8515CFABD0005BC5A9 /* CCTMXXMLParser.m in Sources */,
				BF8F8B8815CFABD0005BC5A9 /* CCTransition.m in Sources */,
				BF8F8B8B15CFABD0005BC5A9 /* CCTransitionPageTurn.m in Sources */,
				BF8F8B8E15CFABD0005BC5A9 /* CCTransitionRadial.m in Sources */,
				BF8F8B9215CFABD0005BC5A9 /* cocos2d.m in Sources */,
				BF8F8B9915CFABD0005BC5A9 /* CCDirectorIOS.m in Sources */,
				BF8F8B9D15CFABD0005BC5A9 /* CCTouchDispatcher.m in Sources */,
				BF8F8BA015CFABD0005BC5A9 /* CCTouchHandler.m in Sources */,
				BF8F8BA315CFABD0005BC5A9 /* EAGLView.m in Sources */,
				BF8F8BA615CFABD0005BC5A9 /* ES1Renderer.m in Sources */,
				BF8F8BA915CFABD0005BC5A9 /* glu.c in Sources */,
				BF8F8BAE15CFABD0005BC5A9 /* CCDirectorMac.m in Sources */,
				BF8F8BB115CFABD0005BC5A9 /* CCEventDispatcher.m in Sources */,
				BF8F8BB415CFABD0005BC5A9 /* MacGLView.m in Sources */,
				BF8F8BB715CFABD0005BC5A9 /* MacWindow.m in Sources */,
				BF8F8BBA15CFABD0005BC5A9 /* base64.c in Sources */,
				BF8F8BBE15CFABD0005BC5A9 /* CCArray.m in Sources */,
				BF8F8BC215CFABD0005BC5A9 /* CCFileUtils.m in Sources */,
				BF8F8BC515CFABD0005BC5A9 /* CCProfiling.m in Sources */,
				BF8F8BC715CFABD0005BC5A9 /* ccUtils.c in Sources */,
				BF8F8BCB15CFABD0005BC5A9 /* CGPointExtension.m in Sources */,
				BF8F8BCF15CFABD0005BC5A9 /* TGAlib.m in Sources */,
				BF8F8BD215CFABD0005BC5A9 /* TransformUtils.m in Sources */,
				BF8F8BD715CFABD0005BC5A9 /* ZipUtils.m in Sources */,
				BF8F8BDC15CFABD0005BC5A9 /* CDAudioManager.m in Sources */,
				BF8F8BE015CFABD0005BC5A9 /* CDOpenALSupport.m in Sources */,
				BF8F8BE315CFABD1005BC5A9 /* CocosDenshion.m in Sources */,
				BF8F8BE615CFABD1005BC5A9 /* SimpleAudioEngine.m in Sources */,
				BF8F8BEB15CFABD1005BC5A9 /* CLScoreServerPost.m in Sources */,
				BF8F8BEE15CFABD1005BC5A9 /* CLScoreServerRequest.m in Sources */,
				BF8F8BF115CFABD1005BC5A9 /* cocoslive.m in Sources */,
				BF8F8BF615CFABD1005BC5A9 /* CDataScanner.m in Sources */,
				BF8F8BFA15CFABD1005BC5A9 /* CDataScanner_Extensions.m in Sources */,
				BF8F8BFD15CFABD1005BC5A9 /* NSDictionary_JSONExtensions.m in Sources */,
				BF8F8C0115CFABD1005BC5A9 /* CJSONDeserializer.m in Sources */,
				BF8F8C0415CFABD1005BC5A9 /* CJSONScanner.m in Sources */,
				BF8F8C0715CFABD1005BC5A9 /* CJSONSerializer.m in Sources */,
				BF8F8C0C15CFABD1005BC5A9 /* FontLabel.m in Sources */,
				BF8F8C0F15CFABD1005BC5A9 /* FontLabelStringDrawing.m in Sources */,
				BF8F8C1215CFABD1005BC5A9 /* FontManager.m in Sources */,
				BF8F8C1515CFABD1005BC5A9 /* ZAttributedString.m in Sources */,
				BF8F8C1915CFABD1005BC5A9 /* ZFont.m in Sources */,
				BF8F8C1E15CFABD1005BC5A9 /* main.m in Sources */,
				BF8F8C2115CFABD1005BC5A9 /* AppDelegate.m in Sources */,
				BF8F8C2415CFABD1005BC5A9 /* RootViewController.m in Sources */,
				BF8F8C2715CFABD1005BC5A9 /* HelloWorldLayer.m in Sources */,
			);
			runOnlyForDeploymentPostprocessing = 0;
		};
/* End PBXSourcesBuildPhase section */

/* Begin XCBuildConfiguration section */
		BF8F8C2915CFABD1005BC5A9 /* Debug */ = {
			isa = XCBuildConfiguration;
			buildSettings = {
				ARCHS = "$(ARCHS_STANDARD_32_BIT)";
				"CODE_SIGN_IDENTITY[sdk=iphoneos*]" = "iPhone Developer";
				GCC_C_LANGUAGE_STANDARD = gnu99;
				GCC_OPTIMIZATION_LEVEL = 0;
				GCC_PREPROCESSOR_DEFINITIONS = (
					DEBUG,
					"COCOS2D_DEBUG=1",
				);
				GCC_SYMBOLS_PRIVATE_EXTERN = NO;
				GCC_VERSION = com.apple.compilers.llvmgcc42;
				GCC_WARN_ABOUT_RETURN_TYPE = YES;
				GCC_WARN_UNUSED_VARIABLE = YES;
				IPHONEOS_DEPLOYMENT_TARGET = 5.1;
				SDKROOT = iphoneos;
			};
			name = Debug;
		};
		BF8F8C2A15CFABD1005BC5A9 /* Release */ = {
			isa = XCBuildConfiguration;
			buildSettings = {
				ARCHS = "$(ARCHS_STANDARD_32_BIT)";
				"CODE_SIGN_IDENTITY[sdk=iphoneos*]" = "iPhone Developer";
				GCC_C_LANGUAGE_STANDARD = gnu99;
				GCC_PREPROCESSOR_DEFINITIONS = NDEBUG;
				GCC_VERSION = com.apple.compilers.llvmgcc42;
				GCC_WARN_ABOUT_RETURN_TYPE = YES;
				GCC_WARN_UNUSED_VARIABLE = YES;
				IPHONEOS_DEPLOYMENT_TARGET = 5.1;
				OTHER_CFLAGS = "-DNS_BLOCK_ASSERTIONS=1";
				SDKROOT = iphoneos;
			};
			name = Release;
		};
		BF8F8C2C15CFABD1005BC5A9 /* Debug */ = {
			isa = XCBuildConfiguration;
			buildSettings = {
				ALWAYS_SEARCH_USER_PATHS = NO;
				COPY_PHASE_STRIP = NO;
				GCC_DYNAMIC_NO_PIC = NO;
				GCC_PRECOMPILE_PREFIX_HEADER = YES;
				GCC_PREFIX_HEADER = KORGA/Prefix.pch;
				"GCC_THUMB_SUPPORT[arch=armv6]" = "";
				INFOPLIST_FILE = KORGA/Resources/Info.plist;
				OTHER_LDFLAGS = "-lz";
				PRODUCT_NAME = "$(TARGET_NAME)";
				WRAPPER_EXTENSION = app;
			};
			name = Debug;
		};
		BF8F8C2D15CFABD1005BC5A9 /* Release */ = {
			isa = XCBuildConfiguration;
			buildSettings = {
				ALWAYS_SEARCH_USER_PATHS = NO;
				COPY_PHASE_STRIP = YES;
				GCC_PRECOMPILE_PREFIX_HEADER = YES;
				GCC_PREFIX_HEADER = KORGA/Prefix.pch;
				"GCC_THUMB_SUPPORT[arch=armv6]" = "";
				INFOPLIST_FILE = KORGA/Resources/Info.plist;
				OTHER_LDFLAGS = "-lz";
				PRODUCT_NAME = "$(TARGET_NAME)";
				VALIDATE_PRODUCT = YES;
				WRAPPER_EXTENSION = app;
			};
			name = Release;
		};
/* End XCBuildConfiguration section */

/* Begin XCConfigurationList section */
		BF8F8AB315CFABCF005BC5A9 /* Build configuration list for PBXProject "KORGA" */ = {
			isa = XCConfigurationList;
			buildConfigurations = (
				BF8F8C2915CFABD1005BC5A9 /* Debug */,
				BF8F8C2A15CFABD1005BC5A9 /* Release */,
			);
			defaultConfigurationIsVisible = 0;
			defaultConfigurationName = Release;
		};
		BF8F8C2B15CFABD1005BC5A9 /* Build configuration list for PBXNativeTarget "KORGA" */ = {
			isa = XCConfigurationList;
			buildConfigurations = (
				BF8F8C2C15CFABD1005BC5A9 /* Debug */,
				BF8F8C2D15CFABD1005BC5A9 /* Release */,
			);
			defaultConfigurationIsVisible = 0;
		};
/* End XCConfigurationList section */
	};
	rootObject = BF8F8AB015CFABCF005BC5A9 /* Project object */;
}
